// !$*UTF8*$!
{
	archiveVersion = 1;
	classes = {
	};
	objectVersion = 51;
	objects = {

/* Begin PBXBuildFile section */
		8FF4650622FE9F2600191177 /* AppDelegate.swift in Sources */ = {isa = PBXBuildFile; fileRef = 8FF4650522FE9F2600191177 /* AppDelegate.swift */; };
		8FF4650B22FE9F2600191177 /* Main.storyboard in Resources */ = {isa = PBXBuildFile; fileRef = 8FF4650922FE9F2600191177 /* Main.storyboard */; };
		8FF4650D22FE9F2700191177 /* Assets.xcassets in Resources */ = {isa = PBXBuildFile; fileRef = 8FF4650C22FE9F2700191177 /* Assets.xcassets */; };
		8FF4651022FE9F2700191177 /* LaunchScreen.storyboard in Resources */ = {isa = PBXBuildFile; fileRef = 8FF4650E22FE9F2700191177 /* LaunchScreen.storyboard */; };
		8FF4651922FE9FB700191177 /* TopViewController.swift in Sources */ = {isa = PBXBuildFile; fileRef = 8FF4651722FE9FB700191177 /* TopViewController.swift */; };
		8FF4651A22FE9FB700191177 /* TopViewController.xib in Resources */ = {isa = PBXBuildFile; fileRef = 8FF4651822FE9FB700191177 /* TopViewController.xib */; };
		8FF4651D22FE9FE700191177 /* TopMainView.swift in Sources */ = {isa = PBXBuildFile; fileRef = 8FF4651B22FE9FE700191177 /* TopMainView.swift */; };
		8FF4651E22FE9FE700191177 /* TopMainView.xib in Resources */ = {isa = PBXBuildFile; fileRef = 8FF4651C22FE9FE700191177 /* TopMainView.xib */; };
		FC87E44A7E6BAA39F9846EC3 /* Pods_0003.framework in Frameworks */ = {isa = PBXBuildFile; fileRef = EFEF895B3A537B31647984DC /* Pods_0003.framework */; };
/* End PBXBuildFile section */

/* Begin PBXFileReference section */
		2E3F2E65EB85CE863C81C50C /* Pods-0003.debug.xcconfig */ = {isa = PBXFileReference; includeInIndex = 1; lastKnownFileType = text.xcconfig; name = "Pods-0003.debug.xcconfig"; path = "Target Support Files/Pods-0003/Pods-0003.debug.xcconfig"; sourceTree = "<group>"; };
		83A82AF284DB40FC8E7A011A /* Pods-0003.release.xcconfig */ = {isa = PBXFileReference; includeInIndex = 1; lastKnownFileType = text.xcconfig; name = "Pods-0003.release.xcconfig"; path = "Target Support Files/Pods-0003/Pods-0003.release.xcconfig"; sourceTree = "<group>"; };
		8FF4650222FE9F2600191177 /* 0003.app */ = {isa = PBXFileReference; explicitFileType = wrapper.application; includeInIndex = 0; path = 0003.app; sourceTree = BUILT_PRODUCTS_DIR; };
		8FF4650522FE9F2600191177 /* AppDelegate.swift */ = {isa = PBXFileReference; lastKnownFileType = sourcecode.swift; path = AppDelegate.swift; sourceTree = "<group>"; };
		8FF4650A22FE9F2600191177 /* Base */ = {isa = PBXFileReference; lastKnownFileType = file.storyboard; name = Base; path = Base.lproj/Main.storyboard; sourceTree = "<group>"; };
		8FF4650C22FE9F2700191177 /* Assets.xcassets */ = {isa = PBXFileReference; lastKnownFileType = folder.assetcatalog; path = Assets.xcassets; sourceTree = "<group>"; };
		8FF4650F22FE9F2700191177 /* Base */ = {isa = PBXFileReference; lastKnownFileType = file.storyboard; name = Base; path = Base.lproj/LaunchScreen.storyboard; sourceTree = "<group>"; };
		8FF4651122FE9F2700191177 /* Info.plist */ = {isa = PBXFileReference; lastKnownFileType = text.plist.xml; path = Info.plist; sourceTree = "<group>"; };
		8FF4651722FE9FB700191177 /* TopViewController.swift */ = {isa = PBXFileReference; lastKnownFileType = sourcecode.swift; path = TopViewController.swift; sourceTree = "<group>"; };
		8FF4651822FE9FB700191177 /* TopViewController.xib */ = {isa = PBXFileReference; lastKnownFileType = file.xib; path = TopViewController.xib; sourceTree = "<group>"; };
		8FF4651B22FE9FE700191177 /* TopMainView.swift */ = {isa = PBXFileReference; lastKnownFileType = sourcecode.swift; path = TopMainView.swift; sourceTree = "<group>"; };
		8FF4651C22FE9FE700191177 /* TopMainView.xib */ = {isa = PBXFileReference; lastKnownFileType = file.xib; path = TopMainView.xib; sourceTree = "<group>"; };
		EFEF895B3A537B31647984DC /* Pods_0003.framework */ = {isa = PBXFileReference; explicitFileType = wrapper.framework; includeInIndex = 0; path = Pods_0003.framework; sourceTree = BUILT_PRODUCTS_DIR; };
/* End PBXFileReference section */

/* Begin PBXFrameworksBuildPhase section */
		8FF464FF22FE9F2600191177 /* Frameworks */ = {
			isa = PBXFrameworksBuildPhase;
			buildActionMask = 2147483647;
			files = (
				FC87E44A7E6BAA39F9846EC3 /* Pods_0003.framework in Frameworks */,
			);
			runOnlyForDeploymentPostprocessing = 0;
		};
/* End PBXFrameworksBuildPhase section */

/* Begin PBXGroup section */
		214FA4575210969202BF11A8 /* Pods */ = {
			isa = PBXGroup;
			children = (
				2E3F2E65EB85CE863C81C50C /* Pods-0003.debug.xcconfig */,
				83A82AF284DB40FC8E7A011A /* Pods-0003.release.xcconfig */,
			);
			path = Pods;
			sourceTree = "<group>";
		};
		8FF464F922FE9F2600191177 = {
			isa = PBXGroup;
			children = (
				8FF4650422FE9F2600191177 /* 0003 */,
				8FF4650322FE9F2600191177 /* Products */,
				214FA4575210969202BF11A8 /* Pods */,
				BD1CF7859A176A99D97315AA /* Frameworks */,
			);
			sourceTree = "<group>";
		};
		8FF4650322FE9F2600191177 /* Products */ = {
			isa = PBXGroup;
			children = (
				8FF4650222FE9F2600191177 /* 0003.app */,
			);
			name = Products;
			sourceTree = "<group>";
		};
		8FF4650422FE9F2600191177 /* 0003 */ = {
			isa = PBXGroup;
			children = (
				8FF4650522FE9F2600191177 /* AppDelegate.swift */,
				8FF4650922FE9F2600191177 /* Main.storyboard */,
				8FF4650C22FE9F2700191177 /* Assets.xcassets */,
				8FF4650E22FE9F2700191177 /* LaunchScreen.storyboard */,
				8FF4651122FE9F2700191177 /* Info.plist */,
				8FF4651722FE9FB700191177 /* TopViewController.swift */,
				8FF4651822FE9FB700191177 /* TopViewController.xib */,
				8FF4651B22FE9FE700191177 /* TopMainView.swift */,
				8FF4651C22FE9FE700191177 /* TopMainView.xib */,
			);
			path = 0003;
			sourceTree = "<group>";
		};
		BD1CF7859A176A99D97315AA /* Frameworks */ = {
			isa = PBXGroup;
			children = (
				EFEF895B3A537B31647984DC /* Pods_0003.framework */,
			);
			name = Frameworks;
			sourceTree = "<group>";
		};
/* End PBXGroup section */

/* Begin PBXNativeTarget section */
		8FF4650122FE9F2600191177 /* 0003 */ = {
			isa = PBXNativeTarget;
			buildConfigurationList = 8FF4651422FE9F2700191177 /* Build configuration list for PBXNativeTarget "0003" */;
			buildPhases = (
				F5950B65B19570CF1F069C3C /* [CP] Check Pods Manifest.lock */,
				8FF464FE22FE9F2600191177 /* Sources */,
				8FF464FF22FE9F2600191177 /* Frameworks */,
				8FF4650022FE9F2600191177 /* Resources */,
				98D61A428794332E470CA2E3 /* [CP] Embed Pods Frameworks */,
			);
			buildRules = (
			);
			dependencies = (
			);
			name = 0003;
			productName = 0003;
			productReference = 8FF4650222FE9F2600191177 /* 0003.app */;
			productType = "com.apple.product-type.application";
		};
/* End PBXNativeTarget section */

/* Begin PBXProject section */
		8FF464FA22FE9F2600191177 /* Project object */ = {
			isa = PBXProject;
			attributes = {
				LastSwiftUpdateCheck = 1030;
				LastUpgradeCheck = 1030;
				ORGANIZATIONNAME = "典昭酒井";
				TargetAttributes = {
					8FF4650122FE9F2600191177 = {
						CreatedOnToolsVersion = 10.3;
					};
				};
			};
			buildConfigurationList = 8FF464FD22FE9F2600191177 /* Build configuration list for PBXProject "0003" */;
			compatibilityVersion = "Xcode 9.3";
			developmentRegion = en;
			hasScannedForEncodings = 0;
			knownRegions = (
				en,
				Base,
			);
			mainGroup = 8FF464F922FE9F2600191177;
			productRefGroup = 8FF4650322FE9F2600191177 /* Products */;
			projectDirPath = "";
			projectRoot = "";
			targets = (
				8FF4650122FE9F2600191177 /* 0003 */,
			);
		};
/* End PBXProject section */

/* Begin PBXResourcesBuildPhase section */
		8FF4650022FE9F2600191177 /* Resources */ = {
			isa = PBXResourcesBuildPhase;
			buildActionMask = 2147483647;
			files = (
				8FF4651E22FE9FE700191177 /* TopMainView.xib in Resources */,
				8FF4651A22FE9FB700191177 /* TopViewController.xib in Resources */,
				8FF4651022FE9F2700191177 /* LaunchScreen.storyboard in Resources */,
				8FF4650D22FE9F2700191177 /* Assets.xcassets in Resources */,
				8FF4650B22FE9F2600191177 /* Main.storyboard in Resources */,
			);
			runOnlyForDeploymentPostprocessing = 0;
		};
/* End PBXResourcesBuildPhase section */

/* Begin PBXShellScriptBuildPhase section */
		98D61A428794332E470CA2E3 /* [CP] Embed Pods Frameworks */ = {
			isa = PBXShellScriptBuildPhase;
			buildActionMask = 2147483647;
			files = (
			);
			inputFileListPaths = (
				"${PODS_ROOT}/Target Support Files/Pods-0003/Pods-0003-frameworks-${CONFIGURATION}-input-files.xcfilelist",
			);
			name = "[CP] Embed Pods Frameworks";
			outputFileListPaths = (
				"${PODS_ROOT}/Target Support Files/Pods-0003/Pods-0003-frameworks-${CONFIGURATION}-output-files.xcfilelist",
			);
			runOnlyForDeploymentPostprocessing = 0;
			shellPath = /bin/sh;
			shellScript = "\"${PODS_ROOT}/Target Support Files/Pods-0003/Pods-0003-frameworks.sh\"\n";
			showEnvVarsInLog = 0;
		};
		F5950B65B19570CF1F069C3C /* [CP] Check Pods Manifest.lock */ = {
			isa = PBXShellScriptBuildPhase;
			buildActionMask = 2147483647;
			files = (
			);
			inputFileListPaths = (
			);
			inputPaths = (
				"${PODS_PODFILE_DIR_PATH}/Podfile.lock",
				"${PODS_ROOT}/Manifest.lock",
			);
			name = "[CP] Check Pods Manifest.lock";
			outputFileListPaths = (
			);
			outputPaths = (
				"$(DERIVED_FILE_DIR)/Pods-0003-checkManifestLockResult.txt",
			);
			runOnlyForDeploymentPostprocessing = 0;
			shellPath = /bin/sh;
			shellScript = "diff \"${PODS_PODFILE_DIR_PATH}/Podfile.lock\" \"${PODS_ROOT}/Manifest.lock\" > /dev/null\nif [ $? != 0 ] ; then\n    # print error to STDERR\n    echo \"error: The sandbox is not in sync with the Podfile.lock. Run 'pod install' or update your CocoaPods installation.\" >&2\n    exit 1\nfi\n# This output is used by Xcode 'outputs' to avoid re-running this script phase.\necho \"SUCCESS\" > \"${SCRIPT_OUTPUT_FILE_0}\"\n";
			showEnvVarsInLog = 0;
		};
/* End PBXShellScriptBuildPhase section */

/* Begin PBXSourcesBuildPhase section */
		8FF464FE22FE9F2600191177 /* Sources */ = {
			isa = PBXSourcesBuildPhase;
			buildActionMask = 2147483647;
			files = (
				8FF4651922FE9FB700191177 /* TopViewController.swift in Sources */,
				8FF4651D22FE9FE700191177 /* TopMainView.swift in Sources */,
				8FF4650622FE9F2600191177 /* AppDelegate.swift in Sources */,
			);
			runOnlyForDeploymentPostprocessing = 0;
		};
/* End PBXSourcesBuildPhase section */

/* Begin PBXVariantGroup section */
		8FF4650922FE9F2600191177 /* Main.storyboard */ = {
			isa = PBXVariantGroup;
			children = (
				8FF4650A22FE9F2600191177 /* Base */,
			);
			name = Main.storyboard;
			sourceTree = "<group>";
		};
		8FF4650E22FE9F2700191177 /* LaunchScreen.storyboard */ = {
			isa = PBXVariantGroup;
			children = (
				8FF4650F22FE9F2700191177 /* Base */,
			);
			name = LaunchScreen.storyboard;
			sourceTree = "<group>";
		};
/* End PBXVariantGroup section */

/* Begin XCBuildConfiguration section */
		8FF4651222FE9F2700191177 /* Debug */ = {
			isa = XCBuildConfiguration;
			buildSettings = {
				ALWAYS_SEARCH_USER_PATHS = NO;
				CLANG_ANALYZER_NONNULL = YES;
				CLANG_ANALYZER_NUMBER_OBJECT_CONVERSION = YES_AGGRESSIVE;
				CLANG_CXX_LANGUAGE_STANDARD = "gnu++14";
				CLANG_CXX_LIBRARY = "libc++";
				CLANG_ENABLE_MODULES = YES;
				CLANG_ENABLE_OBJC_ARC = YES;
				CLANG_ENABLE_OBJC_WEAK = YES;
				CLANG_WARN_BLOCK_CAPTURE_AUTORELEASING = YES;
				CLANG_WARN_BOOL_CONVERSION = YES;
				CLANG_WARN_COMMA = YES;
				CLANG_WARN_CONSTANT_CONVERSION = YES;
				CLANG_WARN_DEPRECATED_OBJC_IMPLEMENTATIONS = YES;
				CLANG_WARN_DIRECT_OBJC_ISA_USAGE = YES_ERROR;
				CLANG_WARN_DOCUMENTATION_COMMENTS = YES;
				CLANG_WARN_EMPTY_BODY = YES;
				CLANG_WARN_ENUM_CONVERSION = YES;
				CLANG_WARN_INFINITE_RECURSION = YES;
				CLANG_WARN_INT_CONVERSION = YES;
				CLANG_WARN_NON_LITERAL_NULL_CONVERSION = YES;
				CLANG_WARN_OBJC_IMPLICIT_RETAIN_SELF = YES;
				CLANG_WARN_OBJC_LITERAL_CONVERSION = YES;
				CLANG_WARN_OBJC_ROOT_CLASS = YES_ERROR;
				CLANG_WARN_RANGE_LOOP_ANALYSIS = YES;
				CLANG_WARN_STRICT_PROTOTYPES = YES;
				CLANG_WARN_SUSPICIOUS_MOVE = YES;
				CLANG_WARN_UNGUARDED_AVAILABILITY = YES_AGGRESSIVE;
				CLANG_WARN_UNREACHABLE_CODE = YES;
				CLANG_WARN__DUPLICATE_METHOD_MATCH = YES;
				CODE_SIGN_IDENTITY = "iPhone Developer";
				COPY_PHASE_STRIP = NO;
				DEBUG_INFORMATION_FORMAT = dwarf;
				ENABLE_STRICT_OBJC_MSGSEND = YES;
				ENABLE_TESTABILITY = YES;
				GCC_C_LANGUAGE_STANDARD = gnu11;
				GCC_DYNAMIC_NO_PIC = NO;
				GCC_NO_COMMON_BLOCKS = YES;
				GCC_OPTIMIZATION_LEVEL = 0;
				GCC_PREPROCESSOR_DEFINITIONS = (
					"DEBUG=1",
					"$(inherited)",
				);
				GCC_WARN_64_TO_32_BIT_CONVERSION = YES;
				GCC_WARN_ABOUT_RETURN_TYPE = YES_ERROR;
				GCC_WARN_UNDECLARED_SELECTOR = YES;
				GCC_WARN_UNINITIALIZED_AUTOS = YES_AGGRESSIVE;
				GCC_WARN_UNUSED_FUNCTION = YES;
				GCC_WARN_UNUSED_VARIABLE = YES;
				IPHONEOS_DEPLOYMENT_TARGET = 12.4;
				MTL_ENABLE_DEBUG_INFO = INCLUDE_SOURCE;
				MTL_FAST_MATH = YES;
				ONLY_ACTIVE_ARCH = YES;
				SDKROOT = iphoneos;
				SWIFT_ACTIVE_COMPILATION_CONDITIONS = DEBUG;
				SWIFT_OPTIMIZATION_LEVEL = "-Onone";
			};
			name = Debug;
		};
		8FF4651322FE9F2700191177 /* Release */ = {
			isa = XCBuildConfiguration;
			buildSettings = {
				ALWAYS_SEARCH_USER_PATHS = NO;
				CLANG_ANALYZER_NONNULL = YES;
				CLANG_ANALYZER_NUMBER_OBJECT_CONVERSION = YES_AGGRESSIVE;
				CLANG_CXX_LANGUAGE_STANDARD = "gnu++14";
				CLANG_CXX_LIBRARY = "libc++";
				CLANG_ENABLE_MODULES = YES;
				CLANG_ENABLE_OBJC_ARC = YES;
				CLANG_ENABLE_OBJC_WEAK = YES;
				CLANG_WARN_BLOCK_CAPTURE_AUTORELEASING = YES;
				CLANG_WARN_BOOL_CONVERSION = YES;
				CLANG_WARN_COMMA = YES;
				CLANG_WARN_CONSTANT_CONVERSION = YES;
				CLANG_WARN_DEPRECATED_OBJC_IMPLEMENTATIONS = YES;
				CLANG_WARN_DIRECT_OBJC_ISA_USAGE = YES_ERROR;
				CLANG_WARN_DOCUMENTATION_COMMENTS = YES;
				CLANG_WARN_EMPTY_BODY = YES;
				CLANG_WARN_ENUM_CONVERSION = YES;
				CLANG_WARN_INFINITE_RECURSION = YES;
				CLANG_WARN_INT_CONVERSION = YES;
				CLANG_WARN_NON_LITERAL_NULL_CONVERSION = YES;
				CLANG_WARN_OBJC_IMPLICIT_RETAIN_SELF = YES;
				CLANG_WARN_OBJC_LITERAL_CONVERSION = YES;
				CLANG_WARN_OBJC_ROOT_CLASS = YES_ERROR;
				CLANG_WARN_RANGE_LOOP_ANALYSIS = YES;
				CLANG_WARN_STRICT_PROTOTYPES = YES;
				CLANG_WARN_SUSPICIOUS_MOVE = YES;
				CLANG_WARN_UNGUARDED_AVAILABILITY = YES_AGGRESSIVE;
				CLANG_WARN_UNREACHABLE_CODE = YES;
				CLANG_WARN__DUPLICATE_METHOD_MATCH = YES;
				CODE_SIGN_IDENTITY = "iPhone Developer";
				COPY_PHASE_STRIP = NO;
				DEBUG_INFORMATION_FORMAT = "dwarf-with-dsym";
				ENABLE_NS_ASSERTIONS = NO;
				ENABLE_STRICT_OBJC_MSGSEND = YES;
				GCC_C_LANGUAGE_STANDARD = gnu11;
				GCC_NO_COMMON_BLOCKS = YES;
				GCC_WARN_64_TO_32_BIT_CONVERSION = YES;
				GCC_WARN_ABOUT_RETURN_TYPE = YES_ERROR;
				GCC_WARN_UNDECLARED_SELECTOR = YES;
				GCC_WARN_UNINITIALIZED_AUTOS = YES_AGGRESSIVE;
				GCC_WARN_UNUSED_FUNCTION = YES;
				GCC_WARN_UNUSED_VARIABLE = YES;
				IPHONEOS_DEPLOYMENT_TARGET = 12.4;
				MTL_ENABLE_DEBUG_INFO = NO;
				MTL_FAST_MATH = YES;
				SDKROOT = iphoneos;
				SWIFT_COMPILATION_MODE = wholemodule;
				SWIFT_OPTIMIZATION_LEVEL = "-O";
				VALIDATE_PRODUCT = YES;
			};
			name = Release;
		};
		8FF4651522FE9F2700191177 /* Debug */ = {
			isa = XCBuildConfiguration;
			baseConfigurationReference = 2E3F2E65EB85CE863C81C50C /* Pods-0003.debug.xcconfig */;
			buildSettings = {
				ASSETCATALOG_COMPILER_APPICON_NAME = AppIcon;
				CODE_SIGN_STYLE = Automatic;
				DEVELOPMENT_TEAM = N42P47XR88;
				INFOPLIST_FILE = 0003/Info.plist;
				LD_RUNPATH_SEARCH_PATHS = (
					"$(inherited)",
					"@executable_path/Frameworks",
				);
				PRODUCT_BUNDLE_IDENTIFIER = "com.nori.-003";
				PRODUCT_NAME = "$(TARGET_NAME)";
				SWIFT_VERSION = 5.0;
				TARGETED_DEVICE_FAMILY = "1,2";
			};
			name = Debug;
		};
		8FF4651622FE9F2700191177 /* Release */ = {
			isa = XCBuildConfiguration;
			baseConfigurationReference = 83A82AF284DB40FC8E7A011A /* Pods-0003.release.xcconfig */;
			buildSettings = {
				ASSETCATALOG_COMPILER_APPICON_NAME = AppIcon;
				CODE_SIGN_STYLE = Automatic;
				DEVELOPMENT_TEAM = N42P47XR88;
				INFOPLIST_FILE = 0003/Info.plist;
				LD_RUNPATH_SEARCH_PATHS = (
					"$(inherited)",
					"@executable_path/Frameworks",
				);
				PRODUCT_BUNDLE_IDENTIFIER = "com.nori.-003";
				PRODUCT_NAME = "$(TARGET_NAME)";
				SWIFT_VERSION = 5.0;
				TARGETED_DEVICE_FAMILY = "1,2";
			};
			name = Release;
		};
/* End XCBuildConfiguration section */

/* Begin XCConfigurationList section */
		8FF464FD22FE9F2600191177 /* Build configuration list for PBXProject "0003" */ = {
			isa = XCConfigurationList;
			buildConfigurations = (
				8FF4651222FE9F2700191177 /* Debug */,
				8FF4651322FE9F2700191177 /* Release */,
			);
			defaultConfigurationIsVisible = 0;
			defaultConfigurationName = Release;
		};
		8FF4651422FE9F2700191177 /* Build configuration list for PBXNativeTarget "0003" */ = {
			isa = XCConfigurationList;
			buildConfigurations = (
				8FF4651522FE9F2700191177 /* Debug */,
				8FF4651622FE9F2700191177 /* Release */,
			);
			defaultConfigurationIsVisible = 0;
			defaultConfigurationName = Release;
		};
/* End XCConfigurationList section */
	};
	rootObject = 8FF464FA22FE9F2600191177 /* Project object */;
}
