// !$*UTF8*$!
{
	archiveVersion = 1;
	classes = {
	};
	objectVersion = 51;
	objects = {

/* Begin PBXBuildFile section */
		715C12FE9E7D62A0B9AF4DC2 /* Pods_00033.framework in Frameworks */ = {isa = PBXBuildFile; fileRef = 022A301D9AEE82657C111D58 /* Pods_00033.framework */; };
		8FC579B52303C7960009CB0E /* AppDelegate.swift in Sources */ = {isa = PBXBuildFile; fileRef = 8FC579B42303C7960009CB0E /* AppDelegate.swift */; };
		8FC579BA2303C7960009CB0E /* Main.storyboard in Resources */ = {isa = PBXBuildFile; fileRef = 8FC579B82303C7960009CB0E /* Main.storyboard */; };
		8FC579BD2303C7960009CB0E /* _0033.xcdatamodeld in Sources */ = {isa = PBXBuildFile; fileRef = 8FC579BB2303C7960009CB0E /* _0033.xcdatamodeld */; };
		8FC579BF2303C7970009CB0E /* Assets.xcassets in Resources */ = {isa = PBXBuildFile; fileRef = 8FC579BE2303C7970009CB0E /* Assets.xcassets */; };
		8FC579C22303C7970009CB0E /* LaunchScreen.storyboard in Resources */ = {isa = PBXBuildFile; fileRef = 8FC579C02303C7970009CB0E /* LaunchScreen.storyboard */; };
		8FC579CB2303C7F80009CB0E /* TopViewController.swift in Sources */ = {isa = PBXBuildFile; fileRef = 8FC579C92303C7F80009CB0E /* TopViewController.swift */; };
		8FC579CC2303C7F80009CB0E /* TopViewController.xib in Resources */ = {isa = PBXBuildFile; fileRef = 8FC579CA2303C7F80009CB0E /* TopViewController.xib */; };
		8FC579CF2303C81B0009CB0E /* TopMainView.swift in Sources */ = {isa = PBXBuildFile; fileRef = 8FC579CD2303C81B0009CB0E /* TopMainView.swift */; };
		8FC579D02303C81B0009CB0E /* TopMainView.xib in Resources */ = {isa = PBXBuildFile; fileRef = 8FC579CE2303C81B0009CB0E /* TopMainView.xib */; };
/* End PBXBuildFile section */

/* Begin PBXFileReference section */
		022A301D9AEE82657C111D58 /* Pods_00033.framework */ = {isa = PBXFileReference; explicitFileType = wrapper.framework; includeInIndex = 0; path = Pods_00033.framework; sourceTree = BUILT_PRODUCTS_DIR; };
		0B1B8E00D9B1358164AB2CBD /* Pods-00033.debug.xcconfig */ = {isa = PBXFileReference; includeInIndex = 1; lastKnownFileType = text.xcconfig; name = "Pods-00033.debug.xcconfig"; path = "Target Support Files/Pods-00033/Pods-00033.debug.xcconfig"; sourceTree = "<group>"; };
		8FC579B12303C7960009CB0E /* 00033.app */ = {isa = PBXFileReference; explicitFileType = wrapper.application; includeInIndex = 0; path = 00033.app; sourceTree = BUILT_PRODUCTS_DIR; };
		8FC579B42303C7960009CB0E /* AppDelegate.swift */ = {isa = PBXFileReference; lastKnownFileType = sourcecode.swift; path = AppDelegate.swift; sourceTree = "<group>"; };
		8FC579B92303C7960009CB0E /* Base */ = {isa = PBXFileReference; lastKnownFileType = file.storyboard; name = Base; path = Base.lproj/Main.storyboard; sourceTree = "<group>"; };
		8FC579BC2303C7960009CB0E /* _0033.xcdatamodel */ = {isa = PBXFileReference; lastKnownFileType = wrapper.xcdatamodel; path = _0033.xcdatamodel; sourceTree = "<group>"; };
		8FC579BE2303C7970009CB0E /* Assets.xcassets */ = {isa = PBXFileReference; lastKnownFileType = folder.assetcatalog; path = Assets.xcassets; sourceTree = "<group>"; };
		8FC579C12303C7970009CB0E /* Base */ = {isa = PBXFileReference; lastKnownFileType = file.storyboard; name = Base; path = Base.lproj/LaunchScreen.storyboard; sourceTree = "<group>"; };
		8FC579C32303C7970009CB0E /* Info.plist */ = {isa = PBXFileReference; lastKnownFileType = text.plist.xml; path = Info.plist; sourceTree = "<group>"; };
		8FC579C92303C7F80009CB0E /* TopViewController.swift */ = {isa = PBXFileReference; lastKnownFileType = sourcecode.swift; path = TopViewController.swift; sourceTree = "<group>"; };
		8FC579CA2303C7F80009CB0E /* TopViewController.xib */ = {isa = PBXFileReference; lastKnownFileType = file.xib; path = TopViewController.xib; sourceTree = "<group>"; };
		8FC579CD2303C81B0009CB0E /* TopMainView.swift */ = {isa = PBXFileReference; lastKnownFileType = sourcecode.swift; path = TopMainView.swift; sourceTree = "<group>"; };
		8FC579CE2303C81B0009CB0E /* TopMainView.xib */ = {isa = PBXFileReference; lastKnownFileType = file.xib; path = TopMainView.xib; sourceTree = "<group>"; };
		918513AC2B005BE3E9C4CB40 /* Pods-00033.release.xcconfig */ = {isa = PBXFileReference; includeInIndex = 1; lastKnownFileType = text.xcconfig; name = "Pods-00033.release.xcconfig"; path = "Target Support Files/Pods-00033/Pods-00033.release.xcconfig"; sourceTree = "<group>"; };
/* End PBXFileReference section */

/* Begin PBXFrameworksBuildPhase section */
		8FC579AE2303C7960009CB0E /* Frameworks */ = {
			isa = PBXFrameworksBuildPhase;
			buildActionMask = 2147483647;
			files = (
				715C12FE9E7D62A0B9AF4DC2 /* Pods_00033.framework in Frameworks */,
			);
			runOnlyForDeploymentPostprocessing = 0;
		};
/* End PBXFrameworksBuildPhase section */

/* Begin PBXGroup section */
		3286D6660800D0203820DBA4 /* Frameworks */ = {
			isa = PBXGroup;
			children = (
				022A301D9AEE82657C111D58 /* Pods_00033.framework */,
			);
			name = Frameworks;
			sourceTree = "<group>";
		};
		8FC579A82303C7960009CB0E = {
			isa = PBXGroup;
			children = (
				8FC579B32303C7960009CB0E /* 00033 */,
				8FC579B22303C7960009CB0E /* Products */,
				F393A427F3D2FF4703C1BB36 /* Pods */,
				3286D6660800D0203820DBA4 /* Frameworks */,
			);
			sourceTree = "<group>";
		};
		8FC579B22303C7960009CB0E /* Products */ = {
			isa = PBXGroup;
			children = (
				8FC579B12303C7960009CB0E /* 00033.app */,
			);
			name = Products;
			sourceTree = "<group>";
		};
		8FC579B32303C7960009CB0E /* 00033 */ = {
			isa = PBXGroup;
			children = (
				8FC579B42303C7960009CB0E /* AppDelegate.swift */,
				8FC579B82303C7960009CB0E /* Main.storyboard */,
				8FC579BE2303C7970009CB0E /* Assets.xcassets */,
				8FC579C02303C7970009CB0E /* LaunchScreen.storyboard */,
				8FC579C32303C7970009CB0E /* Info.plist */,
				8FC579BB2303C7960009CB0E /* _0033.xcdatamodeld */,
				8FC579C92303C7F80009CB0E /* TopViewController.swift */,
				8FC579CA2303C7F80009CB0E /* TopViewController.xib */,
				8FC579CD2303C81B0009CB0E /* TopMainView.swift */,
				8FC579CE2303C81B0009CB0E /* TopMainView.xib */,
			);
			path = 00033;
			sourceTree = "<group>";
		};
		F393A427F3D2FF4703C1BB36 /* Pods */ = {
			isa = PBXGroup;
			children = (
				0B1B8E00D9B1358164AB2CBD /* Pods-00033.debug.xcconfig */,
				918513AC2B005BE3E9C4CB40 /* Pods-00033.release.xcconfig */,
			);
			path = Pods;
			sourceTree = "<group>";
		};
/* End PBXGroup section */

/* Begin PBXNativeTarget section */
		8FC579B02303C7960009CB0E /* 00033 */ = {
			isa = PBXNativeTarget;
			buildConfigurationList = 8FC579C62303C7970009CB0E /* Build configuration list for PBXNativeTarget "00033" */;
			buildPhases = (
				7B45214F54548E3BB9319EBB /* [CP] Check Pods Manifest.lock */,
				8FC579AD2303C7960009CB0E /* Sources */,
				8FC579AE2303C7960009CB0E /* Frameworks */,
				8FC579AF2303C7960009CB0E /* Resources */,
				9E5870C47A6DBF325EEC0469 /* [CP] Embed Pods Frameworks */,
			);
			buildRules = (
			);
			dependencies = (
			);
			name = 00033;
			productName = 00033;
			productReference = 8FC579B12303C7960009CB0E /* 00033.app */;
			productType = "com.apple.product-type.application";
		};
/* End PBXNativeTarget section */

/* Begin PBXProject section */
		8FC579A92303C7960009CB0E /* Project object */ = {
			isa = PBXProject;
			attributes = {
				LastSwiftUpdateCheck = 1030;
				LastUpgradeCheck = 1030;
				ORGANIZATIONNAME = "典昭酒井";
				TargetAttributes = {
					8FC579B02303C7960009CB0E = {
						CreatedOnToolsVersion = 10.3;
					};
				};
			};
			buildConfigurationList = 8FC579AC2303C7960009CB0E /* Build configuration list for PBXProject "00033" */;
			compatibilityVersion = "Xcode 9.3";
			developmentRegion = en;
			hasScannedForEncodings = 0;
			knownRegions = (
				en,
				Base,
			);
			mainGroup = 8FC579A82303C7960009CB0E;
			productRefGroup = 8FC579B22303C7960009CB0E /* Products */;
			projectDirPath = "";
			projectRoot = "";
			targets = (
				8FC579B02303C7960009CB0E /* 00033 */,
			);
		};
/* End PBXProject section */

/* Begin PBXResourcesBuildPhase section */
		8FC579AF2303C7960009CB0E /* Resources */ = {
			isa = PBXResourcesBuildPhase;
			buildActionMask = 2147483647;
			files = (
				8FC579D02303C81B0009CB0E /* TopMainView.xib in Resources */,
				8FC579CC2303C7F80009CB0E /* TopViewController.xib in Resources */,
				8FC579C22303C7970009CB0E /* LaunchScreen.storyboard in Resources */,
				8FC579BF2303C7970009CB0E /* Assets.xcassets in Resources */,
				8FC579BA2303C7960009CB0E /* Main.storyboard in Resources */,
			);
			runOnlyForDeploymentPostprocessing = 0;
		};
/* End PBXResourcesBuildPhase section */

/* Begin PBXShellScriptBuildPhase section */
		7B45214F54548E3BB9319EBB /* [CP] Check Pods Manifest.lock */ = {
			isa = PBXShellScriptBuildPhase;
			buildActionMask = 2147483647;
			files = (
			);
			inputFileListPaths = (
			);
			inputPaths = (
				"${PODS_PODFILE_DIR_PATH}/Podfile.lock",
				"${PODS_ROOT}/Manifest.lock",
			);
			name = "[CP] Check Pods Manifest.lock";
			outputFileListPaths = (
			);
			outputPaths = (
				"$(DERIVED_FILE_DIR)/Pods-00033-checkManifestLockResult.txt",
			);
			runOnlyForDeploymentPostprocessing = 0;
			shellPath = /bin/sh;
			shellScript = "diff \"${PODS_PODFILE_DIR_PATH}/Podfile.lock\" \"${PODS_ROOT}/Manifest.lock\" > /dev/null\nif [ $? != 0 ] ; then\n    # print error to STDERR\n    echo \"error: The sandbox is not in sync with the Podfile.lock. Run 'pod install' or update your CocoaPods installation.\" >&2\n    exit 1\nfi\n# This output is used by Xcode 'outputs' to avoid re-running this script phase.\necho \"SUCCESS\" > \"${SCRIPT_OUTPUT_FILE_0}\"\n";
			showEnvVarsInLog = 0;
		};
		9E5870C47A6DBF325EEC0469 /* [CP] Embed Pods Frameworks */ = {
			isa = PBXShellScriptBuildPhase;
			buildActionMask = 2147483647;
			files = (
			);
			inputFileListPaths = (
				"${PODS_ROOT}/Target Support Files/Pods-00033/Pods-00033-frameworks-${CONFIGURATION}-input-files.xcfilelist",
			);
			name = "[CP] Embed Pods Frameworks";
			outputFileListPaths = (
				"${PODS_ROOT}/Target Support Files/Pods-00033/Pods-00033-frameworks-${CONFIGURATION}-output-files.xcfilelist",
			);
			runOnlyForDeploymentPostprocessing = 0;
			shellPath = /bin/sh;
			shellScript = "\"${PODS_ROOT}/Target Support Files/Pods-00033/Pods-00033-frameworks.sh\"\n";
			showEnvVarsInLog = 0;
		};
/* End PBXShellScriptBuildPhase section */

/* Begin PBXSourcesBuildPhase section */
		8FC579AD2303C7960009CB0E /* Sources */ = {
			isa = PBXSourcesBuildPhase;
			buildActionMask = 2147483647;
			files = (
				8FC579CB2303C7F80009CB0E /* TopViewController.swift in Sources */,
				8FC579B52303C7960009CB0E /* AppDelegate.swift in Sources */,
				8FC579BD2303C7960009CB0E /* _0033.xcdatamodeld in Sources */,
				8FC579CF2303C81B0009CB0E /* TopMainView.swift in Sources */,
			);
			runOnlyForDeploymentPostprocessing = 0;
		};
/* End PBXSourcesBuildPhase section */

/* Begin PBXVariantGroup section */
		8FC579B82303C7960009CB0E /* Main.storyboard */ = {
			isa = PBXVariantGroup;
			children = (
				8FC579B92303C7960009CB0E /* Base */,
			);
			name = Main.storyboard;
			sourceTree = "<group>";
		};
		8FC579C02303C7970009CB0E /* LaunchScreen.storyboard */ = {
			isa = PBXVariantGroup;
			children = (
				8FC579C12303C7970009CB0E /* Base */,
			);
			name = LaunchScreen.storyboard;
			sourceTree = "<group>";
		};
/* End PBXVariantGroup section */

/* Begin XCBuildConfiguration section */
		8FC579C42303C7970009CB0E /* Debug */ = {
			isa = XCBuildConfiguration;
			buildSettings = {
				ALWAYS_SEARCH_USER_PATHS = NO;
				CLANG_ANALYZER_NONNULL = YES;
				CLANG_ANALYZER_NUMBER_OBJECT_CONVERSION = YES_AGGRESSIVE;
				CLANG_CXX_LANGUAGE_STANDARD = "gnu++14";
				CLANG_CXX_LIBRARY = "libc++";
				CLANG_ENABLE_MODULES = YES;
				CLANG_ENABLE_OBJC_ARC = YES;
				CLANG_ENABLE_OBJC_WEAK = YES;
				CLANG_WARN_BLOCK_CAPTURE_AUTORELEASING = YES;
				CLANG_WARN_BOOL_CONVERSION = YES;
				CLANG_WARN_COMMA = YES;
				CLANG_WARN_CONSTANT_CONVERSION = YES;
				CLANG_WARN_DEPRECATED_OBJC_IMPLEMENTATIONS = YES;
				CLANG_WARN_DIRECT_OBJC_ISA_USAGE = YES_ERROR;
				CLANG_WARN_DOCUMENTATION_COMMENTS = YES;
				CLANG_WARN_EMPTY_BODY = YES;
				CLANG_WARN_ENUM_CONVERSION = YES;
				CLANG_WARN_INFINITE_RECURSION = YES;
				CLANG_WARN_INT_CONVERSION = YES;
				CLANG_WARN_NON_LITERAL_NULL_CONVERSION = YES;
				CLANG_WARN_OBJC_IMPLICIT_RETAIN_SELF = YES;
				CLANG_WARN_OBJC_LITERAL_CONVERSION = YES;
				CLANG_WARN_OBJC_ROOT_CLASS = YES_ERROR;
				CLANG_WARN_RANGE_LOOP_ANALYSIS = YES;
				CLANG_WARN_STRICT_PROTOTYPES = YES;
				CLANG_WARN_SUSPICIOUS_MOVE = YES;
				CLANG_WARN_UNGUARDED_AVAILABILITY = YES_AGGRESSIVE;
				CLANG_WARN_UNREACHABLE_CODE = YES;
				CLANG_WARN__DUPLICATE_METHOD_MATCH = YES;
				CODE_SIGN_IDENTITY = "iPhone Developer";
				COPY_PHASE_STRIP = NO;
				DEBUG_INFORMATION_FORMAT = dwarf;
				ENABLE_STRICT_OBJC_MSGSEND = YES;
				ENABLE_TESTABILITY = YES;
				GCC_C_LANGUAGE_STANDARD = gnu11;
				GCC_DYNAMIC_NO_PIC = NO;
				GCC_NO_COMMON_BLOCKS = YES;
				GCC_OPTIMIZATION_LEVEL = 0;
				GCC_PREPROCESSOR_DEFINITIONS = (
					"DEBUG=1",
					"$(inherited)",
				);
				GCC_WARN_64_TO_32_BIT_CONVERSION = YES;
				GCC_WARN_ABOUT_RETURN_TYPE = YES_ERROR;
				GCC_WARN_UNDECLARED_SELECTOR = YES;
				GCC_WARN_UNINITIALIZED_AUTOS = YES_AGGRESSIVE;
				GCC_WARN_UNUSED_FUNCTION = YES;
				GCC_WARN_UNUSED_VARIABLE = YES;
				IPHONEOS_DEPLOYMENT_TARGET = 12.4;
				MTL_ENABLE_DEBUG_INFO = INCLUDE_SOURCE;
				MTL_FAST_MATH = YES;
				ONLY_ACTIVE_ARCH = YES;
				SDKROOT = iphoneos;
				SWIFT_ACTIVE_COMPILATION_CONDITIONS = DEBUG;
				SWIFT_OPTIMIZATION_LEVEL = "-Onone";
			};
			name = Debug;
		};
		8FC579C52303C7970009CB0E /* Release */ = {
			isa = XCBuildConfiguration;
			buildSettings = {
				ALWAYS_SEARCH_USER_PATHS = NO;
				CLANG_ANALYZER_NONNULL = YES;
				CLANG_ANALYZER_NUMBER_OBJECT_CONVERSION = YES_AGGRESSIVE;
				CLANG_CXX_LANGUAGE_STANDARD = "gnu++14";
				CLANG_CXX_LIBRARY = "libc++";
				CLANG_ENABLE_MODULES = YES;
				CLANG_ENABLE_OBJC_ARC = YES;
				CLANG_ENABLE_OBJC_WEAK = YES;
				CLANG_WARN_BLOCK_CAPTURE_AUTORELEASING = YES;
				CLANG_WARN_BOOL_CONVERSION = YES;
				CLANG_WARN_COMMA = YES;
				CLANG_WARN_CONSTANT_CONVERSION = YES;
				CLANG_WARN_DEPRECATED_OBJC_IMPLEMENTATIONS = YES;
				CLANG_WARN_DIRECT_OBJC_ISA_USAGE = YES_ERROR;
				CLANG_WARN_DOCUMENTATION_COMMENTS = YES;
				CLANG_WARN_EMPTY_BODY = YES;
				CLANG_WARN_ENUM_CONVERSION = YES;
				CLANG_WARN_INFINITE_RECURSION = YES;
				CLANG_WARN_INT_CONVERSION = YES;
				CLANG_WARN_NON_LITERAL_NULL_CONVERSION = YES;
				CLANG_WARN_OBJC_IMPLICIT_RETAIN_SELF = YES;
				CLANG_WARN_OBJC_LITERAL_CONVERSION = YES;
				CLANG_WARN_OBJC_ROOT_CLASS = YES_ERROR;
				CLANG_WARN_RANGE_LOOP_ANALYSIS = YES;
				CLANG_WARN_STRICT_PROTOTYPES = YES;
				CLANG_WARN_SUSPICIOUS_MOVE = YES;
				CLANG_WARN_UNGUARDED_AVAILABILITY = YES_AGGRESSIVE;
				CLANG_WARN_UNREACHABLE_CODE = YES;
				CLANG_WARN__DUPLICATE_METHOD_MATCH = YES;
				CODE_SIGN_IDENTITY = "iPhone Developer";
				COPY_PHASE_STRIP = NO;
				DEBUG_INFORMATION_FORMAT = "dwarf-with-dsym";
				ENABLE_NS_ASSERTIONS = NO;
				ENABLE_STRICT_OBJC_MSGSEND = YES;
				GCC_C_LANGUAGE_STANDARD = gnu11;
				GCC_NO_COMMON_BLOCKS = YES;
				GCC_WARN_64_TO_32_BIT_CONVERSION = YES;
				GCC_WARN_ABOUT_RETURN_TYPE = YES_ERROR;
				GCC_WARN_UNDECLARED_SELECTOR = YES;
				GCC_WARN_UNINITIALIZED_AUTOS = YES_AGGRESSIVE;
				GCC_WARN_UNUSED_FUNCTION = YES;
				GCC_WARN_UNUSED_VARIABLE = YES;
				IPHONEOS_DEPLOYMENT_TARGET = 12.4;
				MTL_ENABLE_DEBUG_INFO = NO;
				MTL_FAST_MATH = YES;
				SDKROOT = iphoneos;
				SWIFT_COMPILATION_MODE = wholemodule;
				SWIFT_OPTIMIZATION_LEVEL = "-O";
				VALIDATE_PRODUCT = YES;
			};
			name = Release;
		};
		8FC579C72303C7970009CB0E /* Debug */ = {
			isa = XCBuildConfiguration;
			baseConfigurationReference = 0B1B8E00D9B1358164AB2CBD /* Pods-00033.debug.xcconfig */;
			buildSettings = {
				ASSETCATALOG_COMPILER_APPICON_NAME = AppIcon;
				CODE_SIGN_STYLE = Automatic;
				DEVELOPMENT_TEAM = N42P47XR88;
				INFOPLIST_FILE = 00033/Info.plist;
				LD_RUNPATH_SEARCH_PATHS = (
					"$(inherited)",
					"@executable_path/Frameworks",
				);
				PRODUCT_BUNDLE_IDENTIFIER = "com.nori.-0033";
				PRODUCT_NAME = "$(TARGET_NAME)";
				SWIFT_VERSION = 5.0;
				TARGETED_DEVICE_FAMILY = "1,2";
			};
			name = Debug;
		};
		8FC579C82303C7970009CB0E /* Release */ = {
			isa = XCBuildConfiguration;
			baseConfigurationReference = 918513AC2B005BE3E9C4CB40 /* Pods-00033.release.xcconfig */;
			buildSettings = {
				ASSETCATALOG_COMPILER_APPICON_NAME = AppIcon;
				CODE_SIGN_STYLE = Automatic;
				DEVELOPMENT_TEAM = N42P47XR88;
				INFOPLIST_FILE = 00033/Info.plist;
				LD_RUNPATH_SEARCH_PATHS = (
					"$(inherited)",
					"@executable_path/Frameworks",
				);
				PRODUCT_BUNDLE_IDENTIFIER = "com.nori.-0033";
				PRODUCT_NAME = "$(TARGET_NAME)";
				SWIFT_VERSION = 5.0;
				TARGETED_DEVICE_FAMILY = "1,2";
			};
			name = Release;
		};
/* End XCBuildConfiguration section */

/* Begin XCConfigurationList section */
		8FC579AC2303C7960009CB0E /* Build configuration list for PBXProject "00033" */ = {
			isa = XCConfigurationList;
			buildConfigurations = (
				8FC579C42303C7970009CB0E /* Debug */,
				8FC579C52303C7970009CB0E /* Release */,
			);
			defaultConfigurationIsVisible = 0;
			defaultConfigurationName = Release;
		};
		8FC579C62303C7970009CB0E /* Build configuration list for PBXNativeTarget "00033" */ = {
			isa = XCConfigurationList;
			buildConfigurations = (
				8FC579C72303C7970009CB0E /* Debug */,
				8FC579C82303C7970009CB0E /* Release */,
			);
			defaultConfigurationIsVisible = 0;
			defaultConfigurationName = Release;
		};
/* End XCConfigurationList section */

/* Begin XCVersionGroup section */
		8FC579BB2303C7960009CB0E /* _0033.xcdatamodeld */ = {
			isa = XCVersionGroup;
			children = (
				8FC579BC2303C7960009CB0E /* _0033.xcdatamodel */,
			);
			currentVersion = 8FC579BC2303C7960009CB0E /* _0033.xcdatamodel */;
			path = _0033.xcdatamodeld;
			sourceTree = "<group>";
			versionGroupType = wrapper.xcdatamodel;
		};
/* End XCVersionGroup section */
	};
	rootObject = 8FC579A92303C7960009CB0E /* Project object */;
}
