// !$*UTF8*$!
{
	archiveVersion = 1;
	classes = {
	};
	objectVersion = 51;
	objects = {

/* Begin PBXBuildFile section */
		8FE547E52305199800D1FEAF /* AppDelegate.swift in Sources */ = {isa = PBXBuildFile; fileRef = 8FE547E42305199800D1FEAF /* AppDelegate.swift */; };
		8FE547EA2305199800D1FEAF /* Main.storyboard in Resources */ = {isa = PBXBuildFile; fileRef = 8FE547E82305199800D1FEAF /* Main.storyboard */; };
		8FE547ED2305199800D1FEAF /* _0043.xcdatamodeld in Sources */ = {isa = PBXBuildFile; fileRef = 8FE547EB2305199800D1FEAF /* _0043.xcdatamodeld */; };
		8FE547EF2305199900D1FEAF /* Assets.xcassets in Resources */ = {isa = PBXBuildFile; fileRef = 8FE547EE2305199900D1FEAF /* Assets.xcassets */; };
		8FE547F22305199900D1FEAF /* LaunchScreen.storyboard in Resources */ = {isa = PBXBuildFile; fileRef = 8FE547F02305199900D1FEAF /* LaunchScreen.storyboard */; };
		8FE547FF23051A2500D1FEAF /* TopViewController.swift in Sources */ = {isa = PBXBuildFile; fileRef = 8FE547FD23051A2500D1FEAF /* TopViewController.swift */; };
		8FE5480023051A2500D1FEAF /* TopViewController.xib in Resources */ = {isa = PBXBuildFile; fileRef = 8FE547FE23051A2500D1FEAF /* TopViewController.xib */; };
		8FE5480323051AAF00D1FEAF /* TopMainView.swift in Sources */ = {isa = PBXBuildFile; fileRef = 8FE5480123051AAF00D1FEAF /* TopMainView.swift */; };
		8FE5480423051AAF00D1FEAF /* TopMainView.xib in Resources */ = {isa = PBXBuildFile; fileRef = 8FE5480223051AAF00D1FEAF /* TopMainView.xib */; };
		8FE5480723051C5900D1FEAF /* TopMainTableViewCell.swift in Sources */ = {isa = PBXBuildFile; fileRef = 8FE5480523051C5900D1FEAF /* TopMainTableViewCell.swift */; };
		8FE5480823051C5900D1FEAF /* TopMainTableViewCell.xib in Resources */ = {isa = PBXBuildFile; fileRef = 8FE5480623051C5900D1FEAF /* TopMainTableViewCell.xib */; };
		D0FF48BE623E07ABC4B0DCA8 /* Pods_00043.framework in Frameworks */ = {isa = PBXBuildFile; fileRef = 99D55A6C8E4171102DA62274 /* Pods_00043.framework */; };
/* End PBXBuildFile section */

/* Begin PBXFileReference section */
		8FE547E12305199800D1FEAF /* 00043.app */ = {isa = PBXFileReference; explicitFileType = wrapper.application; includeInIndex = 0; path = 00043.app; sourceTree = BUILT_PRODUCTS_DIR; };
		8FE547E42305199800D1FEAF /* AppDelegate.swift */ = {isa = PBXFileReference; lastKnownFileType = sourcecode.swift; path = AppDelegate.swift; sourceTree = "<group>"; };
		8FE547E92305199800D1FEAF /* Base */ = {isa = PBXFileReference; lastKnownFileType = file.storyboard; name = Base; path = Base.lproj/Main.storyboard; sourceTree = "<group>"; };
		8FE547EC2305199800D1FEAF /* _0043.xcdatamodel */ = {isa = PBXFileReference; lastKnownFileType = wrapper.xcdatamodel; path = _0043.xcdatamodel; sourceTree = "<group>"; };
		8FE547EE2305199900D1FEAF /* Assets.xcassets */ = {isa = PBXFileReference; lastKnownFileType = folder.assetcatalog; path = Assets.xcassets; sourceTree = "<group>"; };
		8FE547F12305199900D1FEAF /* Base */ = {isa = PBXFileReference; lastKnownFileType = file.storyboard; name = Base; path = Base.lproj/LaunchScreen.storyboard; sourceTree = "<group>"; };
		8FE547F32305199900D1FEAF /* Info.plist */ = {isa = PBXFileReference; lastKnownFileType = text.plist.xml; path = Info.plist; sourceTree = "<group>"; };
		8FE547FD23051A2500D1FEAF /* TopViewController.swift */ = {isa = PBXFileReference; lastKnownFileType = sourcecode.swift; path = TopViewController.swift; sourceTree = "<group>"; };
		8FE547FE23051A2500D1FEAF /* TopViewController.xib */ = {isa = PBXFileReference; lastKnownFileType = file.xib; path = TopViewController.xib; sourceTree = "<group>"; };
		8FE5480123051AAF00D1FEAF /* TopMainView.swift */ = {isa = PBXFileReference; lastKnownFileType = sourcecode.swift; path = TopMainView.swift; sourceTree = "<group>"; };
		8FE5480223051AAF00D1FEAF /* TopMainView.xib */ = {isa = PBXFileReference; lastKnownFileType = file.xib; path = TopMainView.xib; sourceTree = "<group>"; };
		8FE5480523051C5900D1FEAF /* TopMainTableViewCell.swift */ = {isa = PBXFileReference; lastKnownFileType = sourcecode.swift; path = TopMainTableViewCell.swift; sourceTree = "<group>"; };
		8FE5480623051C5900D1FEAF /* TopMainTableViewCell.xib */ = {isa = PBXFileReference; lastKnownFileType = file.xib; path = TopMainTableViewCell.xib; sourceTree = "<group>"; };
		99D55A6C8E4171102DA62274 /* Pods_00043.framework */ = {isa = PBXFileReference; explicitFileType = wrapper.framework; includeInIndex = 0; path = Pods_00043.framework; sourceTree = BUILT_PRODUCTS_DIR; };
		AB4301E5395AA6C2FFE3BF0C /* Pods-00043.release.xcconfig */ = {isa = PBXFileReference; includeInIndex = 1; lastKnownFileType = text.xcconfig; name = "Pods-00043.release.xcconfig"; path = "Target Support Files/Pods-00043/Pods-00043.release.xcconfig"; sourceTree = "<group>"; };
		EC80150BBCA982774528F1A4 /* Pods-00043.debug.xcconfig */ = {isa = PBXFileReference; includeInIndex = 1; lastKnownFileType = text.xcconfig; name = "Pods-00043.debug.xcconfig"; path = "Target Support Files/Pods-00043/Pods-00043.debug.xcconfig"; sourceTree = "<group>"; };
/* End PBXFileReference section */

/* Begin PBXFrameworksBuildPhase section */
		8FE547DE2305199800D1FEAF /* Frameworks */ = {
			isa = PBXFrameworksBuildPhase;
			buildActionMask = 2147483647;
			files = (
				D0FF48BE623E07ABC4B0DCA8 /* Pods_00043.framework in Frameworks */,
			);
			runOnlyForDeploymentPostprocessing = 0;
		};
/* End PBXFrameworksBuildPhase section */

/* Begin PBXGroup section */
		8FE547D82305199800D1FEAF = {
			isa = PBXGroup;
			children = (
				8FE547E32305199800D1FEAF /* 00043 */,
				8FE547E22305199800D1FEAF /* Products */,
				93187954A8FE6C603C4E60BD /* Pods */,
				C95671E2B5E4DEB9E81F98EB /* Frameworks */,
			);
			sourceTree = "<group>";
		};
		8FE547E22305199800D1FEAF /* Products */ = {
			isa = PBXGroup;
			children = (
				8FE547E12305199800D1FEAF /* 00043.app */,
			);
			name = Products;
			sourceTree = "<group>";
		};
		8FE547E32305199800D1FEAF /* 00043 */ = {
			isa = PBXGroup;
			children = (
				8FE547E42305199800D1FEAF /* AppDelegate.swift */,
				8FE547E82305199800D1FEAF /* Main.storyboard */,
				8FE547EE2305199900D1FEAF /* Assets.xcassets */,
				8FE547F02305199900D1FEAF /* LaunchScreen.storyboard */,
				8FE547F32305199900D1FEAF /* Info.plist */,
				8FE547EB2305199800D1FEAF /* _0043.xcdatamodeld */,
				8FE547FD23051A2500D1FEAF /* TopViewController.swift */,
				8FE547FE23051A2500D1FEAF /* TopViewController.xib */,
				8FE5480123051AAF00D1FEAF /* TopMainView.swift */,
				8FE5480223051AAF00D1FEAF /* TopMainView.xib */,
				8FE5480523051C5900D1FEAF /* TopMainTableViewCell.swift */,
				8FE5480623051C5900D1FEAF /* TopMainTableViewCell.xib */,
			);
			path = 00043;
			sourceTree = "<group>";
		};
		93187954A8FE6C603C4E60BD /* Pods */ = {
			isa = PBXGroup;
			children = (
				EC80150BBCA982774528F1A4 /* Pods-00043.debug.xcconfig */,
				AB4301E5395AA6C2FFE3BF0C /* Pods-00043.release.xcconfig */,
			);
			path = Pods;
			sourceTree = "<group>";
		};
		C95671E2B5E4DEB9E81F98EB /* Frameworks */ = {
			isa = PBXGroup;
			children = (
				99D55A6C8E4171102DA62274 /* Pods_00043.framework */,
			);
			name = Frameworks;
			sourceTree = "<group>";
		};
/* End PBXGroup section */

/* Begin PBXNativeTarget section */
		8FE547E02305199800D1FEAF /* 00043 */ = {
			isa = PBXNativeTarget;
			buildConfigurationList = 8FE547F62305199900D1FEAF /* Build configuration list for PBXNativeTarget "00043" */;
			buildPhases = (
				3C06BEF313EFB9A05E06D953 /* [CP] Check Pods Manifest.lock */,
				8FE547DD2305199800D1FEAF /* Sources */,
				8FE547DE2305199800D1FEAF /* Frameworks */,
				8FE547DF2305199800D1FEAF /* Resources */,
				4742233A4B74EA885BF26ED1 /* [CP] Embed Pods Frameworks */,
			);
			buildRules = (
			);
			dependencies = (
			);
			name = 00043;
			productName = 00043;
			productReference = 8FE547E12305199800D1FEAF /* 00043.app */;
			productType = "com.apple.product-type.application";
		};
/* End PBXNativeTarget section */

/* Begin PBXProject section */
		8FE547D92305199800D1FEAF /* Project object */ = {
			isa = PBXProject;
			attributes = {
				LastSwiftUpdateCheck = 1030;
				LastUpgradeCheck = 1030;
				ORGANIZATIONNAME = "典昭酒井";
				TargetAttributes = {
					8FE547E02305199800D1FEAF = {
						CreatedOnToolsVersion = 10.3;
					};
				};
			};
			buildConfigurationList = 8FE547DC2305199800D1FEAF /* Build configuration list for PBXProject "00043" */;
			compatibilityVersion = "Xcode 9.3";
			developmentRegion = en;
			hasScannedForEncodings = 0;
			knownRegions = (
				en,
				Base,
			);
			mainGroup = 8FE547D82305199800D1FEAF;
			productRefGroup = 8FE547E22305199800D1FEAF /* Products */;
			projectDirPath = "";
			projectRoot = "";
			targets = (
				8FE547E02305199800D1FEAF /* 00043 */,
			);
		};
/* End PBXProject section */

/* Begin PBXResourcesBuildPhase section */
		8FE547DF2305199800D1FEAF /* Resources */ = {
			isa = PBXResourcesBuildPhase;
			buildActionMask = 2147483647;
			files = (
				8FE5480423051AAF00D1FEAF /* TopMainView.xib in Resources */,
				8FE5480023051A2500D1FEAF /* TopViewController.xib in Resources */,
				8FE547F22305199900D1FEAF /* LaunchScreen.storyboard in Resources */,
				8FE547EF2305199900D1FEAF /* Assets.xcassets in Resources */,
				8FE5480823051C5900D1FEAF /* TopMainTableViewCell.xib in Resources */,
				8FE547EA2305199800D1FEAF /* Main.storyboard in Resources */,
			);
			runOnlyForDeploymentPostprocessing = 0;
		};
/* End PBXResourcesBuildPhase section */

/* Begin PBXShellScriptBuildPhase section */
		3C06BEF313EFB9A05E06D953 /* [CP] Check Pods Manifest.lock */ = {
			isa = PBXShellScriptBuildPhase;
			buildActionMask = 2147483647;
			files = (
			);
			inputFileListPaths = (
			);
			inputPaths = (
				"${PODS_PODFILE_DIR_PATH}/Podfile.lock",
				"${PODS_ROOT}/Manifest.lock",
			);
			name = "[CP] Check Pods Manifest.lock";
			outputFileListPaths = (
			);
			outputPaths = (
				"$(DERIVED_FILE_DIR)/Pods-00043-checkManifestLockResult.txt",
			);
			runOnlyForDeploymentPostprocessing = 0;
			shellPath = /bin/sh;
			shellScript = "diff \"${PODS_PODFILE_DIR_PATH}/Podfile.lock\" \"${PODS_ROOT}/Manifest.lock\" > /dev/null\nif [ $? != 0 ] ; then\n    # print error to STDERR\n    echo \"error: The sandbox is not in sync with the Podfile.lock. Run 'pod install' or update your CocoaPods installation.\" >&2\n    exit 1\nfi\n# This output is used by Xcode 'outputs' to avoid re-running this script phase.\necho \"SUCCESS\" > \"${SCRIPT_OUTPUT_FILE_0}\"\n";
			showEnvVarsInLog = 0;
		};
		4742233A4B74EA885BF26ED1 /* [CP] Embed Pods Frameworks */ = {
			isa = PBXShellScriptBuildPhase;
			buildActionMask = 2147483647;
			files = (
			);
			inputFileListPaths = (
				"${PODS_ROOT}/Target Support Files/Pods-00043/Pods-00043-frameworks-${CONFIGURATION}-input-files.xcfilelist",
			);
			name = "[CP] Embed Pods Frameworks";
			outputFileListPaths = (
				"${PODS_ROOT}/Target Support Files/Pods-00043/Pods-00043-frameworks-${CONFIGURATION}-output-files.xcfilelist",
			);
			runOnlyForDeploymentPostprocessing = 0;
			shellPath = /bin/sh;
			shellScript = "\"${PODS_ROOT}/Target Support Files/Pods-00043/Pods-00043-frameworks.sh\"\n";
			showEnvVarsInLog = 0;
		};
/* End PBXShellScriptBuildPhase section */

/* Begin PBXSourcesBuildPhase section */
		8FE547DD2305199800D1FEAF /* Sources */ = {
			isa = PBXSourcesBuildPhase;
			buildActionMask = 2147483647;
			files = (
				8FE5480723051C5900D1FEAF /* TopMainTableViewCell.swift in Sources */,
				8FE547FF23051A2500D1FEAF /* TopViewController.swift in Sources */,
				8FE547E52305199800D1FEAF /* AppDelegate.swift in Sources */,
				8FE547ED2305199800D1FEAF /* _0043.xcdatamodeld in Sources */,
				8FE5480323051AAF00D1FEAF /* TopMainView.swift in Sources */,
			);
			runOnlyForDeploymentPostprocessing = 0;
		};
/* End PBXSourcesBuildPhase section */

/* Begin PBXVariantGroup section */
		8FE547E82305199800D1FEAF /* Main.storyboard */ = {
			isa = PBXVariantGroup;
			children = (
				8FE547E92305199800D1FEAF /* Base */,
			);
			name = Main.storyboard;
			sourceTree = "<group>";
		};
		8FE547F02305199900D1FEAF /* LaunchScreen.storyboard */ = {
			isa = PBXVariantGroup;
			children = (
				8FE547F12305199900D1FEAF /* Base */,
			);
			name = LaunchScreen.storyboard;
			sourceTree = "<group>";
		};
/* End PBXVariantGroup section */

/* Begin XCBuildConfiguration section */
		8FE547F42305199900D1FEAF /* Debug */ = {
			isa = XCBuildConfiguration;
			buildSettings = {
				ALWAYS_SEARCH_USER_PATHS = NO;
				CLANG_ANALYZER_NONNULL = YES;
				CLANG_ANALYZER_NUMBER_OBJECT_CONVERSION = YES_AGGRESSIVE;
				CLANG_CXX_LANGUAGE_STANDARD = "gnu++14";
				CLANG_CXX_LIBRARY = "libc++";
				CLANG_ENABLE_MODULES = YES;
				CLANG_ENABLE_OBJC_ARC = YES;
				CLANG_ENABLE_OBJC_WEAK = YES;
				CLANG_WARN_BLOCK_CAPTURE_AUTORELEASING = YES;
				CLANG_WARN_BOOL_CONVERSION = YES;
				CLANG_WARN_COMMA = YES;
				CLANG_WARN_CONSTANT_CONVERSION = YES;
				CLANG_WARN_DEPRECATED_OBJC_IMPLEMENTATIONS = YES;
				CLANG_WARN_DIRECT_OBJC_ISA_USAGE = YES_ERROR;
				CLANG_WARN_DOCUMENTATION_COMMENTS = YES;
				CLANG_WARN_EMPTY_BODY = YES;
				CLANG_WARN_ENUM_CONVERSION = YES;
				CLANG_WARN_INFINITE_RECURSION = YES;
				CLANG_WARN_INT_CONVERSION = YES;
				CLANG_WARN_NON_LITERAL_NULL_CONVERSION = YES;
				CLANG_WARN_OBJC_IMPLICIT_RETAIN_SELF = YES;
				CLANG_WARN_OBJC_LITERAL_CONVERSION = YES;
				CLANG_WARN_OBJC_ROOT_CLASS = YES_ERROR;
				CLANG_WARN_RANGE_LOOP_ANALYSIS = YES;
				CLANG_WARN_STRICT_PROTOTYPES = YES;
				CLANG_WARN_SUSPICIOUS_MOVE = YES;
				CLANG_WARN_UNGUARDED_AVAILABILITY = YES_AGGRESSIVE;
				CLANG_WARN_UNREACHABLE_CODE = YES;
				CLANG_WARN__DUPLICATE_METHOD_MATCH = YES;
				CODE_SIGN_IDENTITY = "iPhone Developer";
				COPY_PHASE_STRIP = NO;
				DEBUG_INFORMATION_FORMAT = dwarf;
				ENABLE_STRICT_OBJC_MSGSEND = YES;
				ENABLE_TESTABILITY = YES;
				GCC_C_LANGUAGE_STANDARD = gnu11;
				GCC_DYNAMIC_NO_PIC = NO;
				GCC_NO_COMMON_BLOCKS = YES;
				GCC_OPTIMIZATION_LEVEL = 0;
				GCC_PREPROCESSOR_DEFINITIONS = (
					"DEBUG=1",
					"$(inherited)",
				);
				GCC_WARN_64_TO_32_BIT_CONVERSION = YES;
				GCC_WARN_ABOUT_RETURN_TYPE = YES_ERROR;
				GCC_WARN_UNDECLARED_SELECTOR = YES;
				GCC_WARN_UNINITIALIZED_AUTOS = YES_AGGRESSIVE;
				GCC_WARN_UNUSED_FUNCTION = YES;
				GCC_WARN_UNUSED_VARIABLE = YES;
				IPHONEOS_DEPLOYMENT_TARGET = 12.4;
				MTL_ENABLE_DEBUG_INFO = INCLUDE_SOURCE;
				MTL_FAST_MATH = YES;
				ONLY_ACTIVE_ARCH = YES;
				SDKROOT = iphoneos;
				SWIFT_ACTIVE_COMPILATION_CONDITIONS = DEBUG;
				SWIFT_OPTIMIZATION_LEVEL = "-Onone";
			};
			name = Debug;
		};
		8FE547F52305199900D1FEAF /* Release */ = {
			isa = XCBuildConfiguration;
			buildSettings = {
				ALWAYS_SEARCH_USER_PATHS = NO;
				CLANG_ANALYZER_NONNULL = YES;
				CLANG_ANALYZER_NUMBER_OBJECT_CONVERSION = YES_AGGRESSIVE;
				CLANG_CXX_LANGUAGE_STANDARD = "gnu++14";
				CLANG_CXX_LIBRARY = "libc++";
				CLANG_ENABLE_MODULES = YES;
				CLANG_ENABLE_OBJC_ARC = YES;
				CLANG_ENABLE_OBJC_WEAK = YES;
				CLANG_WARN_BLOCK_CAPTURE_AUTORELEASING = YES;
				CLANG_WARN_BOOL_CONVERSION = YES;
				CLANG_WARN_COMMA = YES;
				CLANG_WARN_CONSTANT_CONVERSION = YES;
				CLANG_WARN_DEPRECATED_OBJC_IMPLEMENTATIONS = YES;
				CLANG_WARN_DIRECT_OBJC_ISA_USAGE = YES_ERROR;
				CLANG_WARN_DOCUMENTATION_COMMENTS = YES;
				CLANG_WARN_EMPTY_BODY = YES;
				CLANG_WARN_ENUM_CONVERSION = YES;
				CLANG_WARN_INFINITE_RECURSION = YES;
				CLANG_WARN_INT_CONVERSION = YES;
				CLANG_WARN_NON_LITERAL_NULL_CONVERSION = YES;
				CLANG_WARN_OBJC_IMPLICIT_RETAIN_SELF = YES;
				CLANG_WARN_OBJC_LITERAL_CONVERSION = YES;
				CLANG_WARN_OBJC_ROOT_CLASS = YES_ERROR;
				CLANG_WARN_RANGE_LOOP_ANALYSIS = YES;
				CLANG_WARN_STRICT_PROTOTYPES = YES;
				CLANG_WARN_SUSPICIOUS_MOVE = YES;
				CLANG_WARN_UNGUARDED_AVAILABILITY = YES_AGGRESSIVE;
				CLANG_WARN_UNREACHABLE_CODE = YES;
				CLANG_WARN__DUPLICATE_METHOD_MATCH = YES;
				CODE_SIGN_IDENTITY = "iPhone Developer";
				COPY_PHASE_STRIP = NO;
				DEBUG_INFORMATION_FORMAT = "dwarf-with-dsym";
				ENABLE_NS_ASSERTIONS = NO;
				ENABLE_STRICT_OBJC_MSGSEND = YES;
				GCC_C_LANGUAGE_STANDARD = gnu11;
				GCC_NO_COMMON_BLOCKS = YES;
				GCC_WARN_64_TO_32_BIT_CONVERSION = YES;
				GCC_WARN_ABOUT_RETURN_TYPE = YES_ERROR;
				GCC_WARN_UNDECLARED_SELECTOR = YES;
				GCC_WARN_UNINITIALIZED_AUTOS = YES_AGGRESSIVE;
				GCC_WARN_UNUSED_FUNCTION = YES;
				GCC_WARN_UNUSED_VARIABLE = YES;
				IPHONEOS_DEPLOYMENT_TARGET = 12.4;
				MTL_ENABLE_DEBUG_INFO = NO;
				MTL_FAST_MATH = YES;
				SDKROOT = iphoneos;
				SWIFT_COMPILATION_MODE = wholemodule;
				SWIFT_OPTIMIZATION_LEVEL = "-O";
				VALIDATE_PRODUCT = YES;
			};
			name = Release;
		};
		8FE547F72305199900D1FEAF /* Debug */ = {
			isa = XCBuildConfiguration;
			baseConfigurationReference = EC80150BBCA982774528F1A4 /* Pods-00043.debug.xcconfig */;
			buildSettings = {
				ASSETCATALOG_COMPILER_APPICON_NAME = AppIcon;
				CODE_SIGN_STYLE = Automatic;
				DEVELOPMENT_TEAM = N42P47XR88;
				INFOPLIST_FILE = 00043/Info.plist;
				LD_RUNPATH_SEARCH_PATHS = (
					"$(inherited)",
					"@executable_path/Frameworks",
				);
				PRODUCT_BUNDLE_IDENTIFIER = "com.nori.-0043";
				PRODUCT_NAME = "$(TARGET_NAME)";
				SWIFT_VERSION = 5.0;
				TARGETED_DEVICE_FAMILY = "1,2";
			};
			name = Debug;
		};
		8FE547F82305199900D1FEAF /* Release */ = {
			isa = XCBuildConfiguration;
			baseConfigurationReference = AB4301E5395AA6C2FFE3BF0C /* Pods-00043.release.xcconfig */;
			buildSettings = {
				ASSETCATALOG_COMPILER_APPICON_NAME = AppIcon;
				CODE_SIGN_STYLE = Automatic;
				DEVELOPMENT_TEAM = N42P47XR88;
				INFOPLIST_FILE = 00043/Info.plist;
				LD_RUNPATH_SEARCH_PATHS = (
					"$(inherited)",
					"@executable_path/Frameworks",
				);
				PRODUCT_BUNDLE_IDENTIFIER = "com.nori.-0043";
				PRODUCT_NAME = "$(TARGET_NAME)";
				SWIFT_VERSION = 5.0;
				TARGETED_DEVICE_FAMILY = "1,2";
			};
			name = Release;
		};
/* End XCBuildConfiguration section */

/* Begin XCConfigurationList section */
		8FE547DC2305199800D1FEAF /* Build configuration list for PBXProject "00043" */ = {
			isa = XCConfigurationList;
			buildConfigurations = (
				8FE547F42305199900D1FEAF /* Debug */,
				8FE547F52305199900D1FEAF /* Release */,
			);
			defaultConfigurationIsVisible = 0;
			defaultConfigurationName = Release;
		};
		8FE547F62305199900D1FEAF /* Build configuration list for PBXNativeTarget "00043" */ = {
			isa = XCConfigurationList;
			buildConfigurations = (
				8FE547F72305199900D1FEAF /* Debug */,
				8FE547F82305199900D1FEAF /* Release */,
			);
			defaultConfigurationIsVisible = 0;
			defaultConfigurationName = Release;
		};
/* End XCConfigurationList section */

/* Begin XCVersionGroup section */
		8FE547EB2305199800D1FEAF /* _0043.xcdatamodeld */ = {
			isa = XCVersionGroup;
			children = (
				8FE547EC2305199800D1FEAF /* _0043.xcdatamodel */,
			);
			currentVersion = 8FE547EC2305199800D1FEAF /* _0043.xcdatamodel */;
			path = _0043.xcdatamodeld;
			sourceTree = "<group>";
			versionGroupType = wrapper.xcdatamodel;
		};
/* End XCVersionGroup section */
	};
	rootObject = 8FE547D92305199800D1FEAF /* Project object */;
}
