// !$*UTF8*$!
{
	archiveVersion = 1;
	classes = {
	};
	objectVersion = 51;
	objects = {

/* Begin PBXBuildFile section */
		8FC578022302C9AE0009CB0E /* AppDelegate.swift in Sources */ = {isa = PBXBuildFile; fileRef = 8FC578012302C9AE0009CB0E /* AppDelegate.swift */; };
		8FC578072302C9AE0009CB0E /* Main.storyboard in Resources */ = {isa = PBXBuildFile; fileRef = 8FC578052302C9AE0009CB0E /* Main.storyboard */; };
		8FC5780A2302C9AE0009CB0E /* _0027.xcdatamodeld in Sources */ = {isa = PBXBuildFile; fileRef = 8FC578082302C9AE0009CB0E /* _0027.xcdatamodeld */; };
		8FC5780C2302C9AE0009CB0E /* Assets.xcassets in Resources */ = {isa = PBXBuildFile; fileRef = 8FC5780B2302C9AE0009CB0E /* Assets.xcassets */; };
		8FC5780F2302C9AE0009CB0E /* LaunchScreen.storyboard in Resources */ = {isa = PBXBuildFile; fileRef = 8FC5780D2302C9AE0009CB0E /* LaunchScreen.storyboard */; };
		8FC578182302CA620009CB0E /* TopViewController.swift in Sources */ = {isa = PBXBuildFile; fileRef = 8FC578162302CA620009CB0E /* TopViewController.swift */; };
		8FC578192302CA620009CB0E /* TopViewController.xib in Resources */ = {isa = PBXBuildFile; fileRef = 8FC578172302CA620009CB0E /* TopViewController.xib */; };
		8FC5781C2302CA880009CB0E /* TopMainView.swift in Sources */ = {isa = PBXBuildFile; fileRef = 8FC5781A2302CA880009CB0E /* TopMainView.swift */; };
		8FC5781D2302CA880009CB0E /* TopMainView.xib in Resources */ = {isa = PBXBuildFile; fileRef = 8FC5781B2302CA880009CB0E /* TopMainView.xib */; };
		CA0CA2CA8F4D15C7929BAAE9 /* Pods_00027.framework in Frameworks */ = {isa = PBXBuildFile; fileRef = 191932473C8FF7E6BBDE7F5F /* Pods_00027.framework */; };
/* End PBXBuildFile section */

/* Begin PBXFileReference section */
		191932473C8FF7E6BBDE7F5F /* Pods_00027.framework */ = {isa = PBXFileReference; explicitFileType = wrapper.framework; includeInIndex = 0; path = Pods_00027.framework; sourceTree = BUILT_PRODUCTS_DIR; };
		8FC577FE2302C9AE0009CB0E /* 00027.app */ = {isa = PBXFileReference; explicitFileType = wrapper.application; includeInIndex = 0; path = 00027.app; sourceTree = BUILT_PRODUCTS_DIR; };
		8FC578012302C9AE0009CB0E /* AppDelegate.swift */ = {isa = PBXFileReference; lastKnownFileType = sourcecode.swift; path = AppDelegate.swift; sourceTree = "<group>"; };
		8FC578062302C9AE0009CB0E /* Base */ = {isa = PBXFileReference; lastKnownFileType = file.storyboard; name = Base; path = Base.lproj/Main.storyboard; sourceTree = "<group>"; };
		8FC578092302C9AE0009CB0E /* _0027.xcdatamodel */ = {isa = PBXFileReference; lastKnownFileType = wrapper.xcdatamodel; path = _0027.xcdatamodel; sourceTree = "<group>"; };
		8FC5780B2302C9AE0009CB0E /* Assets.xcassets */ = {isa = PBXFileReference; lastKnownFileType = folder.assetcatalog; path = Assets.xcassets; sourceTree = "<group>"; };
		8FC5780E2302C9AE0009CB0E /* Base */ = {isa = PBXFileReference; lastKnownFileType = file.storyboard; name = Base; path = Base.lproj/LaunchScreen.storyboard; sourceTree = "<group>"; };
		8FC578102302C9AE0009CB0E /* Info.plist */ = {isa = PBXFileReference; lastKnownFileType = text.plist.xml; path = Info.plist; sourceTree = "<group>"; };
		8FC578162302CA620009CB0E /* TopViewController.swift */ = {isa = PBXFileReference; lastKnownFileType = sourcecode.swift; path = TopViewController.swift; sourceTree = "<group>"; };
		8FC578172302CA620009CB0E /* TopViewController.xib */ = {isa = PBXFileReference; lastKnownFileType = file.xib; path = TopViewController.xib; sourceTree = "<group>"; };
		8FC5781A2302CA880009CB0E /* TopMainView.swift */ = {isa = PBXFileReference; lastKnownFileType = sourcecode.swift; path = TopMainView.swift; sourceTree = "<group>"; };
		8FC5781B2302CA880009CB0E /* TopMainView.xib */ = {isa = PBXFileReference; lastKnownFileType = file.xib; path = TopMainView.xib; sourceTree = "<group>"; };
		C62FB4676196821A11EE6B0C /* Pods-00027.release.xcconfig */ = {isa = PBXFileReference; includeInIndex = 1; lastKnownFileType = text.xcconfig; name = "Pods-00027.release.xcconfig"; path = "Target Support Files/Pods-00027/Pods-00027.release.xcconfig"; sourceTree = "<group>"; };
		FAF88E41D97B39B1EB8B5BE3 /* Pods-00027.debug.xcconfig */ = {isa = PBXFileReference; includeInIndex = 1; lastKnownFileType = text.xcconfig; name = "Pods-00027.debug.xcconfig"; path = "Target Support Files/Pods-00027/Pods-00027.debug.xcconfig"; sourceTree = "<group>"; };
/* End PBXFileReference section */

/* Begin PBXFrameworksBuildPhase section */
		8FC577FB2302C9AE0009CB0E /* Frameworks */ = {
			isa = PBXFrameworksBuildPhase;
			buildActionMask = 2147483647;
			files = (
				CA0CA2CA8F4D15C7929BAAE9 /* Pods_00027.framework in Frameworks */,
			);
			runOnlyForDeploymentPostprocessing = 0;
		};
/* End PBXFrameworksBuildPhase section */

/* Begin PBXGroup section */
		015CC27FBCA2D582C5BE067D /* Pods */ = {
			isa = PBXGroup;
			children = (
				FAF88E41D97B39B1EB8B5BE3 /* Pods-00027.debug.xcconfig */,
				C62FB4676196821A11EE6B0C /* Pods-00027.release.xcconfig */,
			);
			path = Pods;
			sourceTree = "<group>";
		};
		8FC577F52302C9AE0009CB0E = {
			isa = PBXGroup;
			children = (
				8FC578002302C9AE0009CB0E /* 00027 */,
				8FC577FF2302C9AE0009CB0E /* Products */,
				015CC27FBCA2D582C5BE067D /* Pods */,
				E2CE88291199CECA6A87F1ED /* Frameworks */,
			);
			sourceTree = "<group>";
		};
		8FC577FF2302C9AE0009CB0E /* Products */ = {
			isa = PBXGroup;
			children = (
				8FC577FE2302C9AE0009CB0E /* 00027.app */,
			);
			name = Products;
			sourceTree = "<group>";
		};
		8FC578002302C9AE0009CB0E /* 00027 */ = {
			isa = PBXGroup;
			children = (
				8FC578012302C9AE0009CB0E /* AppDelegate.swift */,
				8FC578052302C9AE0009CB0E /* Main.storyboard */,
				8FC5780B2302C9AE0009CB0E /* Assets.xcassets */,
				8FC5780D2302C9AE0009CB0E /* LaunchScreen.storyboard */,
				8FC578102302C9AE0009CB0E /* Info.plist */,
				8FC578082302C9AE0009CB0E /* _0027.xcdatamodeld */,
				8FC578162302CA620009CB0E /* TopViewController.swift */,
				8FC578172302CA620009CB0E /* TopViewController.xib */,
				8FC5781A2302CA880009CB0E /* TopMainView.swift */,
				8FC5781B2302CA880009CB0E /* TopMainView.xib */,
			);
			path = 00027;
			sourceTree = "<group>";
		};
		E2CE88291199CECA6A87F1ED /* Frameworks */ = {
			isa = PBXGroup;
			children = (
				191932473C8FF7E6BBDE7F5F /* Pods_00027.framework */,
			);
			name = Frameworks;
			sourceTree = "<group>";
		};
/* End PBXGroup section */

/* Begin PBXNativeTarget section */
		8FC577FD2302C9AE0009CB0E /* 00027 */ = {
			isa = PBXNativeTarget;
			buildConfigurationList = 8FC578132302C9AE0009CB0E /* Build configuration list for PBXNativeTarget "00027" */;
			buildPhases = (
				9A13E0106D46EE17B0F00E1E /* [CP] Check Pods Manifest.lock */,
				8FC577FA2302C9AE0009CB0E /* Sources */,
				8FC577FB2302C9AE0009CB0E /* Frameworks */,
				8FC577FC2302C9AE0009CB0E /* Resources */,
				05F2EAFFC3FBD58F51C78363 /* [CP] Embed Pods Frameworks */,
			);
			buildRules = (
			);
			dependencies = (
			);
			name = 00027;
			productName = 00027;
			productReference = 8FC577FE2302C9AE0009CB0E /* 00027.app */;
			productType = "com.apple.product-type.application";
		};
/* End PBXNativeTarget section */

/* Begin PBXProject section */
		8FC577F62302C9AE0009CB0E /* Project object */ = {
			isa = PBXProject;
			attributes = {
				LastSwiftUpdateCheck = 1030;
				LastUpgradeCheck = 1030;
				ORGANIZATIONNAME = "典昭酒井";
				TargetAttributes = {
					8FC577FD2302C9AE0009CB0E = {
						CreatedOnToolsVersion = 10.3;
					};
				};
			};
			buildConfigurationList = 8FC577F92302C9AE0009CB0E /* Build configuration list for PBXProject "00027" */;
			compatibilityVersion = "Xcode 9.3";
			developmentRegion = en;
			hasScannedForEncodings = 0;
			knownRegions = (
				en,
				Base,
			);
			mainGroup = 8FC577F52302C9AE0009CB0E;
			productRefGroup = 8FC577FF2302C9AE0009CB0E /* Products */;
			projectDirPath = "";
			projectRoot = "";
			targets = (
				8FC577FD2302C9AE0009CB0E /* 00027 */,
			);
		};
/* End PBXProject section */

/* Begin PBXResourcesBuildPhase section */
		8FC577FC2302C9AE0009CB0E /* Resources */ = {
			isa = PBXResourcesBuildPhase;
			buildActionMask = 2147483647;
			files = (
				8FC5781D2302CA880009CB0E /* TopMainView.xib in Resources */,
				8FC578192302CA620009CB0E /* TopViewController.xib in Resources */,
				8FC5780F2302C9AE0009CB0E /* LaunchScreen.storyboard in Resources */,
				8FC5780C2302C9AE0009CB0E /* Assets.xcassets in Resources */,
				8FC578072302C9AE0009CB0E /* Main.storyboard in Resources */,
			);
			runOnlyForDeploymentPostprocessing = 0;
		};
/* End PBXResourcesBuildPhase section */

/* Begin PBXShellScriptBuildPhase section */
		05F2EAFFC3FBD58F51C78363 /* [CP] Embed Pods Frameworks */ = {
			isa = PBXShellScriptBuildPhase;
			buildActionMask = 2147483647;
			files = (
			);
			inputFileListPaths = (
				"${PODS_ROOT}/Target Support Files/Pods-00027/Pods-00027-frameworks-${CONFIGURATION}-input-files.xcfilelist",
			);
			name = "[CP] Embed Pods Frameworks";
			outputFileListPaths = (
				"${PODS_ROOT}/Target Support Files/Pods-00027/Pods-00027-frameworks-${CONFIGURATION}-output-files.xcfilelist",
			);
			runOnlyForDeploymentPostprocessing = 0;
			shellPath = /bin/sh;
			shellScript = "\"${PODS_ROOT}/Target Support Files/Pods-00027/Pods-00027-frameworks.sh\"\n";
			showEnvVarsInLog = 0;
		};
		9A13E0106D46EE17B0F00E1E /* [CP] Check Pods Manifest.lock */ = {
			isa = PBXShellScriptBuildPhase;
			buildActionMask = 2147483647;
			files = (
			);
			inputFileListPaths = (
			);
			inputPaths = (
				"${PODS_PODFILE_DIR_PATH}/Podfile.lock",
				"${PODS_ROOT}/Manifest.lock",
			);
			name = "[CP] Check Pods Manifest.lock";
			outputFileListPaths = (
			);
			outputPaths = (
				"$(DERIVED_FILE_DIR)/Pods-00027-checkManifestLockResult.txt",
			);
			runOnlyForDeploymentPostprocessing = 0;
			shellPath = /bin/sh;
			shellScript = "diff \"${PODS_PODFILE_DIR_PATH}/Podfile.lock\" \"${PODS_ROOT}/Manifest.lock\" > /dev/null\nif [ $? != 0 ] ; then\n    # print error to STDERR\n    echo \"error: The sandbox is not in sync with the Podfile.lock. Run 'pod install' or update your CocoaPods installation.\" >&2\n    exit 1\nfi\n# This output is used by Xcode 'outputs' to avoid re-running this script phase.\necho \"SUCCESS\" > \"${SCRIPT_OUTPUT_FILE_0}\"\n";
			showEnvVarsInLog = 0;
		};
/* End PBXShellScriptBuildPhase section */

/* Begin PBXSourcesBuildPhase section */
		8FC577FA2302C9AE0009CB0E /* Sources */ = {
			isa = PBXSourcesBuildPhase;
			buildActionMask = 2147483647;
			files = (
				8FC578182302CA620009CB0E /* TopViewController.swift in Sources */,
				8FC5780A2302C9AE0009CB0E /* _0027.xcdatamodeld in Sources */,
				8FC578022302C9AE0009CB0E /* AppDelegate.swift in Sources */,
				8FC5781C2302CA880009CB0E /* TopMainView.swift in Sources */,
			);
			runOnlyForDeploymentPostprocessing = 0;
		};
/* End PBXSourcesBuildPhase section */

/* Begin PBXVariantGroup section */
		8FC578052302C9AE0009CB0E /* Main.storyboard */ = {
			isa = PBXVariantGroup;
			children = (
				8FC578062302C9AE0009CB0E /* Base */,
			);
			name = Main.storyboard;
			sourceTree = "<group>";
		};
		8FC5780D2302C9AE0009CB0E /* LaunchScreen.storyboard */ = {
			isa = PBXVariantGroup;
			children = (
				8FC5780E2302C9AE0009CB0E /* Base */,
			);
			name = LaunchScreen.storyboard;
			sourceTree = "<group>";
		};
/* End PBXVariantGroup section */

/* Begin XCBuildConfiguration section */
		8FC578112302C9AE0009CB0E /* Debug */ = {
			isa = XCBuildConfiguration;
			buildSettings = {
				ALWAYS_SEARCH_USER_PATHS = NO;
				CLANG_ANALYZER_NONNULL = YES;
				CLANG_ANALYZER_NUMBER_OBJECT_CONVERSION = YES_AGGRESSIVE;
				CLANG_CXX_LANGUAGE_STANDARD = "gnu++14";
				CLANG_CXX_LIBRARY = "libc++";
				CLANG_ENABLE_MODULES = YES;
				CLANG_ENABLE_OBJC_ARC = YES;
				CLANG_ENABLE_OBJC_WEAK = YES;
				CLANG_WARN_BLOCK_CAPTURE_AUTORELEASING = YES;
				CLANG_WARN_BOOL_CONVERSION = YES;
				CLANG_WARN_COMMA = YES;
				CLANG_WARN_CONSTANT_CONVERSION = YES;
				CLANG_WARN_DEPRECATED_OBJC_IMPLEMENTATIONS = YES;
				CLANG_WARN_DIRECT_OBJC_ISA_USAGE = YES_ERROR;
				CLANG_WARN_DOCUMENTATION_COMMENTS = YES;
				CLANG_WARN_EMPTY_BODY = YES;
				CLANG_WARN_ENUM_CONVERSION = YES;
				CLANG_WARN_INFINITE_RECURSION = YES;
				CLANG_WARN_INT_CONVERSION = YES;
				CLANG_WARN_NON_LITERAL_NULL_CONVERSION = YES;
				CLANG_WARN_OBJC_IMPLICIT_RETAIN_SELF = YES;
				CLANG_WARN_OBJC_LITERAL_CONVERSION = YES;
				CLANG_WARN_OBJC_ROOT_CLASS = YES_ERROR;
				CLANG_WARN_RANGE_LOOP_ANALYSIS = YES;
				CLANG_WARN_STRICT_PROTOTYPES = YES;
				CLANG_WARN_SUSPICIOUS_MOVE = YES;
				CLANG_WARN_UNGUARDED_AVAILABILITY = YES_AGGRESSIVE;
				CLANG_WARN_UNREACHABLE_CODE = YES;
				CLANG_WARN__DUPLICATE_METHOD_MATCH = YES;
				CODE_SIGN_IDENTITY = "iPhone Developer";
				COPY_PHASE_STRIP = NO;
				DEBUG_INFORMATION_FORMAT = dwarf;
				ENABLE_STRICT_OBJC_MSGSEND = YES;
				ENABLE_TESTABILITY = YES;
				GCC_C_LANGUAGE_STANDARD = gnu11;
				GCC_DYNAMIC_NO_PIC = NO;
				GCC_NO_COMMON_BLOCKS = YES;
				GCC_OPTIMIZATION_LEVEL = 0;
				GCC_PREPROCESSOR_DEFINITIONS = (
					"DEBUG=1",
					"$(inherited)",
				);
				GCC_WARN_64_TO_32_BIT_CONVERSION = YES;
				GCC_WARN_ABOUT_RETURN_TYPE = YES_ERROR;
				GCC_WARN_UNDECLARED_SELECTOR = YES;
				GCC_WARN_UNINITIALIZED_AUTOS = YES_AGGRESSIVE;
				GCC_WARN_UNUSED_FUNCTION = YES;
				GCC_WARN_UNUSED_VARIABLE = YES;
				IPHONEOS_DEPLOYMENT_TARGET = 12.4;
				MTL_ENABLE_DEBUG_INFO = INCLUDE_SOURCE;
				MTL_FAST_MATH = YES;
				ONLY_ACTIVE_ARCH = YES;
				SDKROOT = iphoneos;
				SWIFT_ACTIVE_COMPILATION_CONDITIONS = DEBUG;
				SWIFT_OPTIMIZATION_LEVEL = "-Onone";
			};
			name = Debug;
		};
		8FC578122302C9AE0009CB0E /* Release */ = {
			isa = XCBuildConfiguration;
			buildSettings = {
				ALWAYS_SEARCH_USER_PATHS = NO;
				CLANG_ANALYZER_NONNULL = YES;
				CLANG_ANALYZER_NUMBER_OBJECT_CONVERSION = YES_AGGRESSIVE;
				CLANG_CXX_LANGUAGE_STANDARD = "gnu++14";
				CLANG_CXX_LIBRARY = "libc++";
				CLANG_ENABLE_MODULES = YES;
				CLANG_ENABLE_OBJC_ARC = YES;
				CLANG_ENABLE_OBJC_WEAK = YES;
				CLANG_WARN_BLOCK_CAPTURE_AUTORELEASING = YES;
				CLANG_WARN_BOOL_CONVERSION = YES;
				CLANG_WARN_COMMA = YES;
				CLANG_WARN_CONSTANT_CONVERSION = YES;
				CLANG_WARN_DEPRECATED_OBJC_IMPLEMENTATIONS = YES;
				CLANG_WARN_DIRECT_OBJC_ISA_USAGE = YES_ERROR;
				CLANG_WARN_DOCUMENTATION_COMMENTS = YES;
				CLANG_WARN_EMPTY_BODY = YES;
				CLANG_WARN_ENUM_CONVERSION = YES;
				CLANG_WARN_INFINITE_RECURSION = YES;
				CLANG_WARN_INT_CONVERSION = YES;
				CLANG_WARN_NON_LITERAL_NULL_CONVERSION = YES;
				CLANG_WARN_OBJC_IMPLICIT_RETAIN_SELF = YES;
				CLANG_WARN_OBJC_LITERAL_CONVERSION = YES;
				CLANG_WARN_OBJC_ROOT_CLASS = YES_ERROR;
				CLANG_WARN_RANGE_LOOP_ANALYSIS = YES;
				CLANG_WARN_STRICT_PROTOTYPES = YES;
				CLANG_WARN_SUSPICIOUS_MOVE = YES;
				CLANG_WARN_UNGUARDED_AVAILABILITY = YES_AGGRESSIVE;
				CLANG_WARN_UNREACHABLE_CODE = YES;
				CLANG_WARN__DUPLICATE_METHOD_MATCH = YES;
				CODE_SIGN_IDENTITY = "iPhone Developer";
				COPY_PHASE_STRIP = NO;
				DEBUG_INFORMATION_FORMAT = "dwarf-with-dsym";
				ENABLE_NS_ASSERTIONS = NO;
				ENABLE_STRICT_OBJC_MSGSEND = YES;
				GCC_C_LANGUAGE_STANDARD = gnu11;
				GCC_NO_COMMON_BLOCKS = YES;
				GCC_WARN_64_TO_32_BIT_CONVERSION = YES;
				GCC_WARN_ABOUT_RETURN_TYPE = YES_ERROR;
				GCC_WARN_UNDECLARED_SELECTOR = YES;
				GCC_WARN_UNINITIALIZED_AUTOS = YES_AGGRESSIVE;
				GCC_WARN_UNUSED_FUNCTION = YES;
				GCC_WARN_UNUSED_VARIABLE = YES;
				IPHONEOS_DEPLOYMENT_TARGET = 12.4;
				MTL_ENABLE_DEBUG_INFO = NO;
				MTL_FAST_MATH = YES;
				SDKROOT = iphoneos;
				SWIFT_COMPILATION_MODE = wholemodule;
				SWIFT_OPTIMIZATION_LEVEL = "-O";
				VALIDATE_PRODUCT = YES;
			};
			name = Release;
		};
		8FC578142302C9AE0009CB0E /* Debug */ = {
			isa = XCBuildConfiguration;
			baseConfigurationReference = FAF88E41D97B39B1EB8B5BE3 /* Pods-00027.debug.xcconfig */;
			buildSettings = {
				ASSETCATALOG_COMPILER_APPICON_NAME = AppIcon;
				CODE_SIGN_STYLE = Automatic;
				DEVELOPMENT_TEAM = N42P47XR88;
				INFOPLIST_FILE = 00027/Info.plist;
				LD_RUNPATH_SEARCH_PATHS = (
					"$(inherited)",
					"@executable_path/Frameworks",
				);
				PRODUCT_BUNDLE_IDENTIFIER = "com.nori.-0027";
				PRODUCT_NAME = "$(TARGET_NAME)";
				SWIFT_VERSION = 5.0;
				TARGETED_DEVICE_FAMILY = "1,2";
			};
			name = Debug;
		};
		8FC578152302C9AE0009CB0E /* Release */ = {
			isa = XCBuildConfiguration;
			baseConfigurationReference = C62FB4676196821A11EE6B0C /* Pods-00027.release.xcconfig */;
			buildSettings = {
				ASSETCATALOG_COMPILER_APPICON_NAME = AppIcon;
				CODE_SIGN_STYLE = Automatic;
				DEVELOPMENT_TEAM = N42P47XR88;
				INFOPLIST_FILE = 00027/Info.plist;
				LD_RUNPATH_SEARCH_PATHS = (
					"$(inherited)",
					"@executable_path/Frameworks",
				);
				PRODUCT_BUNDLE_IDENTIFIER = "com.nori.-0027";
				PRODUCT_NAME = "$(TARGET_NAME)";
				SWIFT_VERSION = 5.0;
				TARGETED_DEVICE_FAMILY = "1,2";
			};
			name = Release;
		};
/* End XCBuildConfiguration section */

/* Begin XCConfigurationList section */
		8FC577F92302C9AE0009CB0E /* Build configuration list for PBXProject "00027" */ = {
			isa = XCConfigurationList;
			buildConfigurations = (
				8FC578112302C9AE0009CB0E /* Debug */,
				8FC578122302C9AE0009CB0E /* Release */,
			);
			defaultConfigurationIsVisible = 0;
			defaultConfigurationName = Release;
		};
		8FC578132302C9AE0009CB0E /* Build configuration list for PBXNativeTarget "00027" */ = {
			isa = XCConfigurationList;
			buildConfigurations = (
				8FC578142302C9AE0009CB0E /* Debug */,
				8FC578152302C9AE0009CB0E /* Release */,
			);
			defaultConfigurationIsVisible = 0;
			defaultConfigurationName = Release;
		};
/* End XCConfigurationList section */

/* Begin XCVersionGroup section */
		8FC578082302C9AE0009CB0E /* _0027.xcdatamodeld */ = {
			isa = XCVersionGroup;
			children = (
				8FC578092302C9AE0009CB0E /* _0027.xcdatamodel */,
			);
			currentVersion = 8FC578092302C9AE0009CB0E /* _0027.xcdatamodel */;
			path = _0027.xcdatamodeld;
			sourceTree = "<group>";
			versionGroupType = wrapper.xcdatamodel;
		};
/* End XCVersionGroup section */
	};
	rootObject = 8FC577F62302C9AE0009CB0E /* Project object */;
}
