// !$*UTF8*$!
{
	archiveVersion = 1;
	classes = {
	};
	objectVersion = 51;
	objects = {

/* Begin PBXBuildFile section */
		29F38EF538602A3D9118EC3F /* Pods_000053.framework in Frameworks */ = {isa = PBXBuildFile; fileRef = 69DCC93063028EB3627ECDFE /* Pods_000053.framework */; };
		8FEA8F15231B550000210422 /* AppDelegate.swift in Sources */ = {isa = PBXBuildFile; fileRef = 8FEA8F14231B550000210422 /* AppDelegate.swift */; };
		8FEA8F1A231B550000210422 /* Main.storyboard in Resources */ = {isa = PBXBuildFile; fileRef = 8FEA8F18231B550000210422 /* Main.storyboard */; };
		8FEA8F1D231B550000210422 /* _00053.xcdatamodeld in Sources */ = {isa = PBXBuildFile; fileRef = 8FEA8F1B231B550000210422 /* _00053.xcdatamodeld */; };
		8FEA8F1F231B550200210422 /* Assets.xcassets in Resources */ = {isa = PBXBuildFile; fileRef = 8FEA8F1E231B550200210422 /* Assets.xcassets */; };
		8FEA8F22231B550200210422 /* LaunchScreen.storyboard in Resources */ = {isa = PBXBuildFile; fileRef = 8FEA8F20231B550200210422 /* LaunchScreen.storyboard */; };
		8FEA8F2B231B555800210422 /* TopViewController.swift in Sources */ = {isa = PBXBuildFile; fileRef = 8FEA8F29231B555800210422 /* TopViewController.swift */; };
		8FEA8F2C231B555800210422 /* TopViewController.xib in Resources */ = {isa = PBXBuildFile; fileRef = 8FEA8F2A231B555800210422 /* TopViewController.xib */; };
		8FEA8F2F231B557C00210422 /* TopMainView.swift in Sources */ = {isa = PBXBuildFile; fileRef = 8FEA8F2D231B557C00210422 /* TopMainView.swift */; };
		8FEA8F30231B557C00210422 /* TopMainView.xib in Resources */ = {isa = PBXBuildFile; fileRef = 8FEA8F2E231B557C00210422 /* TopMainView.xib */; };
		8FEA8F37231B565300210422 /* TopMainTableViewCell.swift in Sources */ = {isa = PBXBuildFile; fileRef = 8FEA8F35231B565300210422 /* TopMainTableViewCell.swift */; };
		8FEA8F38231B565300210422 /* TopMainTableViewCell.xib in Resources */ = {isa = PBXBuildFile; fileRef = 8FEA8F36231B565300210422 /* TopMainTableViewCell.xib */; };
/* End PBXBuildFile section */

/* Begin PBXFileReference section */
		44322A86EAA98A1D0C184761 /* Pods-000053.debug.xcconfig */ = {isa = PBXFileReference; includeInIndex = 1; lastKnownFileType = text.xcconfig; name = "Pods-000053.debug.xcconfig"; path = "Target Support Files/Pods-000053/Pods-000053.debug.xcconfig"; sourceTree = "<group>"; };
		4E3CF1A0DB1068E836D84E8D /* Pods-000053.release.xcconfig */ = {isa = PBXFileReference; includeInIndex = 1; lastKnownFileType = text.xcconfig; name = "Pods-000053.release.xcconfig"; path = "Target Support Files/Pods-000053/Pods-000053.release.xcconfig"; sourceTree = "<group>"; };
		69DCC93063028EB3627ECDFE /* Pods_000053.framework */ = {isa = PBXFileReference; explicitFileType = wrapper.framework; includeInIndex = 0; path = Pods_000053.framework; sourceTree = BUILT_PRODUCTS_DIR; };
		8FEA8F11231B550000210422 /* 000053.app */ = {isa = PBXFileReference; explicitFileType = wrapper.application; includeInIndex = 0; path = 000053.app; sourceTree = BUILT_PRODUCTS_DIR; };
		8FEA8F14231B550000210422 /* AppDelegate.swift */ = {isa = PBXFileReference; lastKnownFileType = sourcecode.swift; path = AppDelegate.swift; sourceTree = "<group>"; };
		8FEA8F19231B550000210422 /* Base */ = {isa = PBXFileReference; lastKnownFileType = file.storyboard; name = Base; path = Base.lproj/Main.storyboard; sourceTree = "<group>"; };
		8FEA8F1C231B550000210422 /* _00053.xcdatamodel */ = {isa = PBXFileReference; lastKnownFileType = wrapper.xcdatamodel; path = _00053.xcdatamodel; sourceTree = "<group>"; };
		8FEA8F1E231B550200210422 /* Assets.xcassets */ = {isa = PBXFileReference; lastKnownFileType = folder.assetcatalog; path = Assets.xcassets; sourceTree = "<group>"; };
		8FEA8F21231B550200210422 /* Base */ = {isa = PBXFileReference; lastKnownFileType = file.storyboard; name = Base; path = Base.lproj/LaunchScreen.storyboard; sourceTree = "<group>"; };
		8FEA8F23231B550200210422 /* Info.plist */ = {isa = PBXFileReference; lastKnownFileType = text.plist.xml; path = Info.plist; sourceTree = "<group>"; };
		8FEA8F29231B555800210422 /* TopViewController.swift */ = {isa = PBXFileReference; lastKnownFileType = sourcecode.swift; path = TopViewController.swift; sourceTree = "<group>"; };
		8FEA8F2A231B555800210422 /* TopViewController.xib */ = {isa = PBXFileReference; lastKnownFileType = file.xib; path = TopViewController.xib; sourceTree = "<group>"; };
		8FEA8F2D231B557C00210422 /* TopMainView.swift */ = {isa = PBXFileReference; lastKnownFileType = sourcecode.swift; path = TopMainView.swift; sourceTree = "<group>"; };
		8FEA8F2E231B557C00210422 /* TopMainView.xib */ = {isa = PBXFileReference; lastKnownFileType = file.xib; path = TopMainView.xib; sourceTree = "<group>"; };
		8FEA8F35231B565300210422 /* TopMainTableViewCell.swift */ = {isa = PBXFileReference; lastKnownFileType = sourcecode.swift; path = TopMainTableViewCell.swift; sourceTree = "<group>"; };
		8FEA8F36231B565300210422 /* TopMainTableViewCell.xib */ = {isa = PBXFileReference; lastKnownFileType = file.xib; path = TopMainTableViewCell.xib; sourceTree = "<group>"; };
/* End PBXFileReference section */

/* Begin PBXFrameworksBuildPhase section */
		8FEA8F0E231B550000210422 /* Frameworks */ = {
			isa = PBXFrameworksBuildPhase;
			buildActionMask = 2147483647;
			files = (
				29F38EF538602A3D9118EC3F /* Pods_000053.framework in Frameworks */,
			);
			runOnlyForDeploymentPostprocessing = 0;
		};
/* End PBXFrameworksBuildPhase section */

/* Begin PBXGroup section */
		69927160C1C2CFF997FF1710 /* Pods */ = {
			isa = PBXGroup;
			children = (
				44322A86EAA98A1D0C184761 /* Pods-000053.debug.xcconfig */,
				4E3CF1A0DB1068E836D84E8D /* Pods-000053.release.xcconfig */,
			);
			path = Pods;
			sourceTree = "<group>";
		};
		8FEA8F08231B550000210422 = {
			isa = PBXGroup;
			children = (
				8FEA8F13231B550000210422 /* 000053 */,
				8FEA8F12231B550000210422 /* Products */,
				69927160C1C2CFF997FF1710 /* Pods */,
				B80C51E062F11D6473DC01A3 /* Frameworks */,
			);
			sourceTree = "<group>";
		};
		8FEA8F12231B550000210422 /* Products */ = {
			isa = PBXGroup;
			children = (
				8FEA8F11231B550000210422 /* 000053.app */,
			);
			name = Products;
			sourceTree = "<group>";
		};
		8FEA8F13231B550000210422 /* 000053 */ = {
			isa = PBXGroup;
			children = (
				8FEA8F14231B550000210422 /* AppDelegate.swift */,
				8FEA8F18231B550000210422 /* Main.storyboard */,
				8FEA8F1E231B550200210422 /* Assets.xcassets */,
				8FEA8F20231B550200210422 /* LaunchScreen.storyboard */,
				8FEA8F23231B550200210422 /* Info.plist */,
				8FEA8F1B231B550000210422 /* _00053.xcdatamodeld */,
				8FEA8F29231B555800210422 /* TopViewController.swift */,
				8FEA8F2A231B555800210422 /* TopViewController.xib */,
				8FEA8F2D231B557C00210422 /* TopMainView.swift */,
				8FEA8F2E231B557C00210422 /* TopMainView.xib */,
				8FEA8F35231B565300210422 /* TopMainTableViewCell.swift */,
				8FEA8F36231B565300210422 /* TopMainTableViewCell.xib */,
			);
			path = 000053;
			sourceTree = "<group>";
		};
		B80C51E062F11D6473DC01A3 /* Frameworks */ = {
			isa = PBXGroup;
			children = (
				69DCC93063028EB3627ECDFE /* Pods_000053.framework */,
			);
			name = Frameworks;
			sourceTree = "<group>";
		};
/* End PBXGroup section */

/* Begin PBXNativeTarget section */
		8FEA8F10231B550000210422 /* 000053 */ = {
			isa = PBXNativeTarget;
			buildConfigurationList = 8FEA8F26231B550200210422 /* Build configuration list for PBXNativeTarget "000053" */;
			buildPhases = (
				416DE922196CDE5B46DE4DFE /* [CP] Check Pods Manifest.lock */,
				8FEA8F0D231B550000210422 /* Sources */,
				8FEA8F0E231B550000210422 /* Frameworks */,
				8FEA8F0F231B550000210422 /* Resources */,
				5FE00E3658F326C88F70D8E7 /* [CP] Embed Pods Frameworks */,
			);
			buildRules = (
			);
			dependencies = (
			);
			name = 000053;
			productName = 000053;
			productReference = 8FEA8F11231B550000210422 /* 000053.app */;
			productType = "com.apple.product-type.application";
		};
/* End PBXNativeTarget section */

/* Begin PBXProject section */
		8FEA8F09231B550000210422 /* Project object */ = {
			isa = PBXProject;
			attributes = {
				LastSwiftUpdateCheck = 1030;
				LastUpgradeCheck = 1030;
				ORGANIZATIONNAME = "典昭酒井";
				TargetAttributes = {
					8FEA8F10231B550000210422 = {
						CreatedOnToolsVersion = 10.3;
					};
				};
			};
			buildConfigurationList = 8FEA8F0C231B550000210422 /* Build configuration list for PBXProject "000053" */;
			compatibilityVersion = "Xcode 9.3";
			developmentRegion = en;
			hasScannedForEncodings = 0;
			knownRegions = (
				en,
				Base,
			);
			mainGroup = 8FEA8F08231B550000210422;
			productRefGroup = 8FEA8F12231B550000210422 /* Products */;
			projectDirPath = "";
			projectRoot = "";
			targets = (
				8FEA8F10231B550000210422 /* 000053 */,
			);
		};
/* End PBXProject section */

/* Begin PBXResourcesBuildPhase section */
		8FEA8F0F231B550000210422 /* Resources */ = {
			isa = PBXResourcesBuildPhase;
			buildActionMask = 2147483647;
			files = (
				8FEA8F30231B557C00210422 /* TopMainView.xib in Resources */,
				8FEA8F2C231B555800210422 /* TopViewController.xib in Resources */,
				8FEA8F22231B550200210422 /* LaunchScreen.storyboard in Resources */,
				8FEA8F1F231B550200210422 /* Assets.xcassets in Resources */,
				8FEA8F38231B565300210422 /* TopMainTableViewCell.xib in Resources */,
				8FEA8F1A231B550000210422 /* Main.storyboard in Resources */,
			);
			runOnlyForDeploymentPostprocessing = 0;
		};
/* End PBXResourcesBuildPhase section */

/* Begin PBXShellScriptBuildPhase section */
		416DE922196CDE5B46DE4DFE /* [CP] Check Pods Manifest.lock */ = {
			isa = PBXShellScriptBuildPhase;
			buildActionMask = 2147483647;
			files = (
			);
			inputFileListPaths = (
			);
			inputPaths = (
				"${PODS_PODFILE_DIR_PATH}/Podfile.lock",
				"${PODS_ROOT}/Manifest.lock",
			);
			name = "[CP] Check Pods Manifest.lock";
			outputFileListPaths = (
			);
			outputPaths = (
				"$(DERIVED_FILE_DIR)/Pods-000053-checkManifestLockResult.txt",
			);
			runOnlyForDeploymentPostprocessing = 0;
			shellPath = /bin/sh;
			shellScript = "diff \"${PODS_PODFILE_DIR_PATH}/Podfile.lock\" \"${PODS_ROOT}/Manifest.lock\" > /dev/null\nif [ $? != 0 ] ; then\n    # print error to STDERR\n    echo \"error: The sandbox is not in sync with the Podfile.lock. Run 'pod install' or update your CocoaPods installation.\" >&2\n    exit 1\nfi\n# This output is used by Xcode 'outputs' to avoid re-running this script phase.\necho \"SUCCESS\" > \"${SCRIPT_OUTPUT_FILE_0}\"\n";
			showEnvVarsInLog = 0;
		};
		5FE00E3658F326C88F70D8E7 /* [CP] Embed Pods Frameworks */ = {
			isa = PBXShellScriptBuildPhase;
			buildActionMask = 2147483647;
			files = (
			);
			inputFileListPaths = (
				"${PODS_ROOT}/Target Support Files/Pods-000053/Pods-000053-frameworks-${CONFIGURATION}-input-files.xcfilelist",
			);
			name = "[CP] Embed Pods Frameworks";
			outputFileListPaths = (
				"${PODS_ROOT}/Target Support Files/Pods-000053/Pods-000053-frameworks-${CONFIGURATION}-output-files.xcfilelist",
			);
			runOnlyForDeploymentPostprocessing = 0;
			shellPath = /bin/sh;
			shellScript = "\"${PODS_ROOT}/Target Support Files/Pods-000053/Pods-000053-frameworks.sh\"\n";
			showEnvVarsInLog = 0;
		};
/* End PBXShellScriptBuildPhase section */

/* Begin PBXSourcesBuildPhase section */
		8FEA8F0D231B550000210422 /* Sources */ = {
			isa = PBXSourcesBuildPhase;
			buildActionMask = 2147483647;
			files = (
				8FEA8F37231B565300210422 /* TopMainTableViewCell.swift in Sources */,
				8FEA8F2B231B555800210422 /* TopViewController.swift in Sources */,
				8FEA8F15231B550000210422 /* AppDelegate.swift in Sources */,
				8FEA8F1D231B550000210422 /* _00053.xcdatamodeld in Sources */,
				8FEA8F2F231B557C00210422 /* TopMainView.swift in Sources */,
			);
			runOnlyForDeploymentPostprocessing = 0;
		};
/* End PBXSourcesBuildPhase section */

/* Begin PBXVariantGroup section */
		8FEA8F18231B550000210422 /* Main.storyboard */ = {
			isa = PBXVariantGroup;
			children = (
				8FEA8F19231B550000210422 /* Base */,
			);
			name = Main.storyboard;
			sourceTree = "<group>";
		};
		8FEA8F20231B550200210422 /* LaunchScreen.storyboard */ = {
			isa = PBXVariantGroup;
			children = (
				8FEA8F21231B550200210422 /* Base */,
			);
			name = LaunchScreen.storyboard;
			sourceTree = "<group>";
		};
/* End PBXVariantGroup section */

/* Begin XCBuildConfiguration section */
		8FEA8F24231B550200210422 /* Debug */ = {
			isa = XCBuildConfiguration;
			buildSettings = {
				ALWAYS_SEARCH_USER_PATHS = NO;
				CLANG_ANALYZER_NONNULL = YES;
				CLANG_ANALYZER_NUMBER_OBJECT_CONVERSION = YES_AGGRESSIVE;
				CLANG_CXX_LANGUAGE_STANDARD = "gnu++14";
				CLANG_CXX_LIBRARY = "libc++";
				CLANG_ENABLE_MODULES = YES;
				CLANG_ENABLE_OBJC_ARC = YES;
				CLANG_ENABLE_OBJC_WEAK = YES;
				CLANG_WARN_BLOCK_CAPTURE_AUTORELEASING = YES;
				CLANG_WARN_BOOL_CONVERSION = YES;
				CLANG_WARN_COMMA = YES;
				CLANG_WARN_CONSTANT_CONVERSION = YES;
				CLANG_WARN_DEPRECATED_OBJC_IMPLEMENTATIONS = YES;
				CLANG_WARN_DIRECT_OBJC_ISA_USAGE = YES_ERROR;
				CLANG_WARN_DOCUMENTATION_COMMENTS = YES;
				CLANG_WARN_EMPTY_BODY = YES;
				CLANG_WARN_ENUM_CONVERSION = YES;
				CLANG_WARN_INFINITE_RECURSION = YES;
				CLANG_WARN_INT_CONVERSION = YES;
				CLANG_WARN_NON_LITERAL_NULL_CONVERSION = YES;
				CLANG_WARN_OBJC_IMPLICIT_RETAIN_SELF = YES;
				CLANG_WARN_OBJC_LITERAL_CONVERSION = YES;
				CLANG_WARN_OBJC_ROOT_CLASS = YES_ERROR;
				CLANG_WARN_RANGE_LOOP_ANALYSIS = YES;
				CLANG_WARN_STRICT_PROTOTYPES = YES;
				CLANG_WARN_SUSPICIOUS_MOVE = YES;
				CLANG_WARN_UNGUARDED_AVAILABILITY = YES_AGGRESSIVE;
				CLANG_WARN_UNREACHABLE_CODE = YES;
				CLANG_WARN__DUPLICATE_METHOD_MATCH = YES;
				CODE_SIGN_IDENTITY = "iPhone Developer";
				COPY_PHASE_STRIP = NO;
				DEBUG_INFORMATION_FORMAT = dwarf;
				ENABLE_STRICT_OBJC_MSGSEND = YES;
				ENABLE_TESTABILITY = YES;
				GCC_C_LANGUAGE_STANDARD = gnu11;
				GCC_DYNAMIC_NO_PIC = NO;
				GCC_NO_COMMON_BLOCKS = YES;
				GCC_OPTIMIZATION_LEVEL = 0;
				GCC_PREPROCESSOR_DEFINITIONS = (
					"DEBUG=1",
					"$(inherited)",
				);
				GCC_WARN_64_TO_32_BIT_CONVERSION = YES;
				GCC_WARN_ABOUT_RETURN_TYPE = YES_ERROR;
				GCC_WARN_UNDECLARED_SELECTOR = YES;
				GCC_WARN_UNINITIALIZED_AUTOS = YES_AGGRESSIVE;
				GCC_WARN_UNUSED_FUNCTION = YES;
				GCC_WARN_UNUSED_VARIABLE = YES;
				IPHONEOS_DEPLOYMENT_TARGET = 12.4;
				MTL_ENABLE_DEBUG_INFO = INCLUDE_SOURCE;
				MTL_FAST_MATH = YES;
				ONLY_ACTIVE_ARCH = YES;
				SDKROOT = iphoneos;
				SWIFT_ACTIVE_COMPILATION_CONDITIONS = DEBUG;
				SWIFT_OPTIMIZATION_LEVEL = "-Onone";
			};
			name = Debug;
		};
		8FEA8F25231B550200210422 /* Release */ = {
			isa = XCBuildConfiguration;
			buildSettings = {
				ALWAYS_SEARCH_USER_PATHS = NO;
				CLANG_ANALYZER_NONNULL = YES;
				CLANG_ANALYZER_NUMBER_OBJECT_CONVERSION = YES_AGGRESSIVE;
				CLANG_CXX_LANGUAGE_STANDARD = "gnu++14";
				CLANG_CXX_LIBRARY = "libc++";
				CLANG_ENABLE_MODULES = YES;
				CLANG_ENABLE_OBJC_ARC = YES;
				CLANG_ENABLE_OBJC_WEAK = YES;
				CLANG_WARN_BLOCK_CAPTURE_AUTORELEASING = YES;
				CLANG_WARN_BOOL_CONVERSION = YES;
				CLANG_WARN_COMMA = YES;
				CLANG_WARN_CONSTANT_CONVERSION = YES;
				CLANG_WARN_DEPRECATED_OBJC_IMPLEMENTATIONS = YES;
				CLANG_WARN_DIRECT_OBJC_ISA_USAGE = YES_ERROR;
				CLANG_WARN_DOCUMENTATION_COMMENTS = YES;
				CLANG_WARN_EMPTY_BODY = YES;
				CLANG_WARN_ENUM_CONVERSION = YES;
				CLANG_WARN_INFINITE_RECURSION = YES;
				CLANG_WARN_INT_CONVERSION = YES;
				CLANG_WARN_NON_LITERAL_NULL_CONVERSION = YES;
				CLANG_WARN_OBJC_IMPLICIT_RETAIN_SELF = YES;
				CLANG_WARN_OBJC_LITERAL_CONVERSION = YES;
				CLANG_WARN_OBJC_ROOT_CLASS = YES_ERROR;
				CLANG_WARN_RANGE_LOOP_ANALYSIS = YES;
				CLANG_WARN_STRICT_PROTOTYPES = YES;
				CLANG_WARN_SUSPICIOUS_MOVE = YES;
				CLANG_WARN_UNGUARDED_AVAILABILITY = YES_AGGRESSIVE;
				CLANG_WARN_UNREACHABLE_CODE = YES;
				CLANG_WARN__DUPLICATE_METHOD_MATCH = YES;
				CODE_SIGN_IDENTITY = "iPhone Developer";
				COPY_PHASE_STRIP = NO;
				DEBUG_INFORMATION_FORMAT = "dwarf-with-dsym";
				ENABLE_NS_ASSERTIONS = NO;
				ENABLE_STRICT_OBJC_MSGSEND = YES;
				GCC_C_LANGUAGE_STANDARD = gnu11;
				GCC_NO_COMMON_BLOCKS = YES;
				GCC_WARN_64_TO_32_BIT_CONVERSION = YES;
				GCC_WARN_ABOUT_RETURN_TYPE = YES_ERROR;
				GCC_WARN_UNDECLARED_SELECTOR = YES;
				GCC_WARN_UNINITIALIZED_AUTOS = YES_AGGRESSIVE;
				GCC_WARN_UNUSED_FUNCTION = YES;
				GCC_WARN_UNUSED_VARIABLE = YES;
				IPHONEOS_DEPLOYMENT_TARGET = 12.4;
				MTL_ENABLE_DEBUG_INFO = NO;
				MTL_FAST_MATH = YES;
				SDKROOT = iphoneos;
				SWIFT_COMPILATION_MODE = wholemodule;
				SWIFT_OPTIMIZATION_LEVEL = "-O";
				VALIDATE_PRODUCT = YES;
			};
			name = Release;
		};
		8FEA8F27231B550200210422 /* Debug */ = {
			isa = XCBuildConfiguration;
			baseConfigurationReference = 44322A86EAA98A1D0C184761 /* Pods-000053.debug.xcconfig */;
			buildSettings = {
				ASSETCATALOG_COMPILER_APPICON_NAME = AppIcon;
				CODE_SIGN_STYLE = Automatic;
				DEVELOPMENT_TEAM = N42P47XR88;
				INFOPLIST_FILE = 000053/Info.plist;
				LD_RUNPATH_SEARCH_PATHS = (
					"$(inherited)",
					"@executable_path/Frameworks",
				);
				PRODUCT_BUNDLE_IDENTIFIER = "com.nori.-00053";
				PRODUCT_NAME = "$(TARGET_NAME)";
				SWIFT_VERSION = 5.0;
				TARGETED_DEVICE_FAMILY = "1,2";
			};
			name = Debug;
		};
		8FEA8F28231B550200210422 /* Release */ = {
			isa = XCBuildConfiguration;
			baseConfigurationReference = 4E3CF1A0DB1068E836D84E8D /* Pods-000053.release.xcconfig */;
			buildSettings = {
				ASSETCATALOG_COMPILER_APPICON_NAME = AppIcon;
				CODE_SIGN_STYLE = Automatic;
				DEVELOPMENT_TEAM = N42P47XR88;
				INFOPLIST_FILE = 000053/Info.plist;
				LD_RUNPATH_SEARCH_PATHS = (
					"$(inherited)",
					"@executable_path/Frameworks",
				);
				PRODUCT_BUNDLE_IDENTIFIER = "com.nori.-00053";
				PRODUCT_NAME = "$(TARGET_NAME)";
				SWIFT_VERSION = 5.0;
				TARGETED_DEVICE_FAMILY = "1,2";
			};
			name = Release;
		};
/* End XCBuildConfiguration section */

/* Begin XCConfigurationList section */
		8FEA8F0C231B550000210422 /* Build configuration list for PBXProject "000053" */ = {
			isa = XCConfigurationList;
			buildConfigurations = (
				8FEA8F24231B550200210422 /* Debug */,
				8FEA8F25231B550200210422 /* Release */,
			);
			defaultConfigurationIsVisible = 0;
			defaultConfigurationName = Release;
		};
		8FEA8F26231B550200210422 /* Build configuration list for PBXNativeTarget "000053" */ = {
			isa = XCConfigurationList;
			buildConfigurations = (
				8FEA8F27231B550200210422 /* Debug */,
				8FEA8F28231B550200210422 /* Release */,
			);
			defaultConfigurationIsVisible = 0;
			defaultConfigurationName = Release;
		};
/* End XCConfigurationList section */

/* Begin XCVersionGroup section */
		8FEA8F1B231B550000210422 /* _00053.xcdatamodeld */ = {
			isa = XCVersionGroup;
			children = (
				8FEA8F1C231B550000210422 /* _00053.xcdatamodel */,
			);
			currentVersion = 8FEA8F1C231B550000210422 /* _00053.xcdatamodel */;
			path = _00053.xcdatamodeld;
			sourceTree = "<group>";
			versionGroupType = wrapper.xcdatamodel;
		};
/* End XCVersionGroup section */
	};
	rootObject = 8FEA8F09231B550000210422 /* Project object */;
}
